// !$*UTF8*$!
{
	archiveVersion = 1;
	classes = {
	};
	objectVersion = 56;
	objects = {

/* Begin PBXBuildFile section */
		521000D52E0139BD00AE9936 /* preview.swift in Sources */ = {isa = PBXBuildFile; fileRef = 521000D42E0139AF00AE9936 /* preview.swift */; };
		525F3C582DF970C200D69430 /* Edit Profile 4.swift in Sources */ = {isa = PBXBuildFile; fileRef = 525F3C572DF970C200D69430 /* Edit Profile 4.swift */; };
		528CD8842E1697E70002B795 /* other_disease.gif in Resources */ = {isa = PBXBuildFile; fileRef = 528CD8832E1697E70002B795 /* other_disease.gif */; };
		5293CF122E129C770071D66B /* confetti.gif in Resources */ = {isa = PBXBuildFile; fileRef = 5293CF112E129C770071D66B /* confetti.gif */; };
		52DA85C92E323E5E00E19B0F /* otp_fields.swift in Sources */ = {isa = PBXBuildFile; fileRef = 52DA85C82E323E5500E19B0F /* otp_fields.swift */; };
		8D029BA42DE82DF0000FE708 /* InfoPlist.strings in Resources */ = {isa = PBXBuildFile; fileRef = 8D029BA62DE82DF0000FE708 /* InfoPlist.strings */; };
		8D0582A62DAA257F0043330A /* Intake.swift in Sources */ = {isa = PBXBuildFile; fileRef = 8D0582A52DAA257F0043330A /* Intake.swift */; };
		8D0582A82DAA37380043330A /* BarChart.swift in Sources */ = {isa = PBXBuildFile; fileRef = 8D0582A72DAA37370043330A /* BarChart.swift */; };
		8D0582AA2DAA3BFC0043330A /* drag.swift in Sources */ = {isa = PBXBuildFile; fileRef = 8D0582A92DAA3BFC0043330A /* drag.swift */; };
		8D0582AC2DAA6C4B0043330A /* intakehistory.swift in Sources */ = {isa = PBXBuildFile; fileRef = 8D0582AB2DAA6C4B0043330A /* intakehistory.swift */; };
		8D0582AE2DAA7C350043330A /* outputHistory.swift in Sources */ = {isa = PBXBuildFile; fileRef = 8D0582AD2DAA7C350043330A /* outputHistory.swift */; };
		8D08F2252E49DA0E00FE1B04 /* forgetpassword.swift in Sources */ = {isa = PBXBuildFile; fileRef = 8D08F2242E49DA0E00FE1B04 /* forgetpassword.swift */; };
		8D0BBDC02DE6D7FD00ACFBBC /* Localizable.strings in Resources */ = {isa = PBXBuildFile; fileRef = 8D0BBDC22DE6D7FD00ACFBBC /* Localizable.strings */; };
		8D0BBDC62DE6E4E200ACFBBC /* language.swift in Sources */ = {isa = PBXBuildFile; fileRef = 8D0BBDC52DE6E4E200ACFBBC /* language.swift */; };
		8D12F5EC2DC4A05F00DE1A41 /* AnimateWave.swift in Sources */ = {isa = PBXBuildFile; fileRef = 8D12F5EB2DC4A05E00DE1A41 /* AnimateWave.swift */; };
		8D12F5EE2DC4A13400DE1A41 /* VoiceManager.swift in Sources */ = {isa = PBXBuildFile; fileRef = 8D12F5ED2DC4A13400DE1A41 /* VoiceManager.swift */; };
		8D1359CA2DA65F63004A8332 /* popup.swift in Sources */ = {isa = PBXBuildFile; fileRef = 8D1359C92DA65F63004A8332 /* popup.swift */; };
		8D1544342DA907A9009E7433 /* Output.swift in Sources */ = {isa = PBXBuildFile; fileRef = 8D1544332DA907A9009E7433 /* Output.swift */; };
		8D1544362DA91D72009E7433 /* DashboardViewModal.swift in Sources */ = {isa = PBXBuildFile; fileRef = 8D1544352DA91D72009E7433 /* DashboardViewModal.swift */; };
		8D188B692DF93C00007267B9 /* gif.swift in Sources */ = {isa = PBXBuildFile; fileRef = 8D188B682DF93C00007267B9 /* gif.swift */; };
		8D188B6C2DF93D2B007267B9 /* SDWebImageSwiftUI in Frameworks */ = {isa = PBXBuildFile; productRef = 8D188B6B2DF93D2B007267B9 /* SDWebImageSwiftUI */; };
		8D188B6E2DF9406B007267B9 /* calandergif.gif in Resources */ = {isa = PBXBuildFile; fileRef = 8D188B6D2DF9406B007267B9 /* calandergif.gif */; };
		8D188B702DF947B1007267B9 /* gif2.gif in Resources */ = {isa = PBXBuildFile; fileRef = 8D188B6F2DF947B1007267B9 /* gif2.gif */; };
		8D188B722DF948E7007267B9 /* namegif.gif in Resources */ = {isa = PBXBuildFile; fileRef = 8D188B712DF948E6007267B9 /* namegif.gif */; };
		8D188B742DF9497D007267B9 /* gendergif.gif in Resources */ = {isa = PBXBuildFile; fileRef = 8D188B732DF9497D007267B9 /* gendergif.gif */; };
		8D188B762DF949FE007267B9 /* bloodgif.gif in Resources */ = {isa = PBXBuildFile; fileRef = 8D188B752DF949FE007267B9 /* bloodgif.gif */; };
		8D188B782DF94A28007267B9 /* addressgif.gif in Resources */ = {isa = PBXBuildFile; fileRef = 8D188B772DF94A28007267B9 /* addressgif.gif */; };
		8D188B7A2DF94A40007267B9 /* weightgif.gif in Resources */ = {isa = PBXBuildFile; fileRef = 8D188B792DF94A40007267B9 /* weightgif.gif */; };
		8D188B7C2DF94AAB007267B9 /* heightgif.gif in Resources */ = {isa = PBXBuildFile; fileRef = 8D188B7B2DF94AAB007267B9 /* heightgif.gif */; };
		8D188B7E2DF94AE3007267B9 /* diseasegif.gif in Resources */ = {isa = PBXBuildFile; fileRef = 8D188B7D2DF94AE3007267B9 /* diseasegif.gif */; };
		8D188B802DF94B39007267B9 /* familygif.gif in Resources */ = {isa = PBXBuildFile; fileRef = 8D188B7F2DF94B39007267B9 /* familygif.gif */; };
		8D188B822DF94B86007267B9 /* setreminder.gif in Resources */ = {isa = PBXBuildFile; fileRef = 8D188B812DF94B86007267B9 /* setreminder.gif */; };
		8D188B842DF94BCA007267B9 /* intakegif.gif in Resources */ = {isa = PBXBuildFile; fileRef = 8D188B832DF94BCA007267B9 /* intakegif.gif */; };
		8D2AEEC12DB3AAF300FFCB62 /* SharedAccountView.swift in Sources */ = {isa = PBXBuildFile; fileRef = 8D2AEEC02DB3AAF300FFCB62 /* SharedAccountView.swift */; };
		8D2C37892E41D002003170DD /* ForgotPassword.swift in Sources */ = {isa = PBXBuildFile; fileRef = 8D2C37882E41D002003170DD /* ForgotPassword.swift */; };
		8D2E8FCA2DDAF4CC0008EB66 /* country_json.json in Resources */ = {isa = PBXBuildFile; fileRef = 8D2E8FC72DDAF4CC0008EB66 /* country_json.json */; };
		8D2E8FCB2DDAF4CC0008EB66 /* CreateAccountView.swift in Sources */ = {isa = PBXBuildFile; fileRef = 8D2E8FC82DDAF4CC0008EB66 /* CreateAccountView.swift */; };
		8D2E8FCC2DDAF4CC0008EB66 /* SignUpViewModel.swift in Sources */ = {isa = PBXBuildFile; fileRef = 8D2E8FC92DDAF4CC0008EB66 /* SignUpViewModel.swift */; };
		8D2F1CC42DDD916F0058E939 /* signupdatamodel.swift in Sources */ = {isa = PBXBuildFile; fileRef = 8D2F1CC32DDD916F0058E939 /* signupdatamodel.swift */; };
		8D3148882D9FA371008DF7D7 /* PillsReminder.swift in Sources */ = {isa = PBXBuildFile; fileRef = 8D3148872D9FA371008DF7D7 /* PillsReminder.swift */; };
		8D31488C2D9FB648008DF7D7 /* Calander.swift in Sources */ = {isa = PBXBuildFile; fileRef = 8D31488B2D9FB648008DF7D7 /* Calander.swift */; };
		8D31488F2D9FF8C7008DF7D7 /* DietView.swift in Sources */ = {isa = PBXBuildFile; fileRef = 8D31488E2D9FF8C7008DF7D7 /* DietView.swift */; };
		8D3247402E4712CF003DC81B /* NewChallengeDataModel.swift in Sources */ = {isa = PBXBuildFile; fileRef = 8D32473F2E4712CF003DC81B /* NewChallengeDataModel.swift */; };
		8D3247422E471431003DC81B /* DashboardChallenge.swift in Sources */ = {isa = PBXBuildFile; fileRef = 8D3247412E471431003DC81B /* DashboardChallenge.swift */; };
		8D3247442E47165D003DC81B /* NewChallengeView.swift in Sources */ = {isa = PBXBuildFile; fileRef = 8D3247432E47165D003DC81B /* NewChallengeView.swift */; };
		8D3247462E471F79003DC81B /* JoinChallengeView.swift in Sources */ = {isa = PBXBuildFile; fileRef = 8D3247452E471F79003DC81B /* JoinChallengeView.swift */; };
		8D3247482E4720E2003DC81B /* Toggle.swift in Sources */ = {isa = PBXBuildFile; fileRef = 8D3247472E4720E2003DC81B /* Toggle.swift */; };
		8D32474A2E472826003DC81B /* FullchallengeDescription.swift in Sources */ = {isa = PBXBuildFile; fileRef = 8D3247492E472826003DC81B /* FullchallengeDescription.swift */; };
		8D3816142DC08C5C008F2539 /* Voiceassistantview.swift in Sources */ = {isa = PBXBuildFile; fileRef = 8D3816132DC08C5C008F2539 /* Voiceassistantview.swift */; };
		8D38161B2DC0A56B008F2539 /* NIO in Frameworks */ = {isa = PBXBuildFile; productRef = 8D38161A2DC0A56B008F2539 /* NIO */; };
		8D38161D2DC0A56B008F2539 /* NIOConcurrencyHelpers in Frameworks */ = {isa = PBXBuildFile; productRef = 8D38161C2DC0A56B008F2539 /* NIOConcurrencyHelpers */; };
		8D38161F2DC0A56B008F2539 /* NIOCore in Frameworks */ = {isa = PBXBuildFile; productRef = 8D38161E2DC0A56B008F2539 /* NIOCore */; };
		8D3816212DC0A56B008F2539 /* NIOEmbedded in Frameworks */ = {isa = PBXBuildFile; productRef = 8D3816202DC0A56B008F2539 /* NIOEmbedded */; };
		8D3816232DC0A56B008F2539 /* NIOFoundationCompat in Frameworks */ = {isa = PBXBuildFile; productRef = 8D3816222DC0A56B008F2539 /* NIOFoundationCompat */; };
		8D3816252DC0A56B008F2539 /* NIOHTTP1 in Frameworks */ = {isa = PBXBuildFile; productRef = 8D3816242DC0A56B008F2539 /* NIOHTTP1 */; };
		8D3816272DC0A56B008F2539 /* NIOPosix in Frameworks */ = {isa = PBXBuildFile; productRef = 8D3816262DC0A56B008F2539 /* NIOPosix */; };
		8D3816292DC0A56B008F2539 /* NIOTLS in Frameworks */ = {isa = PBXBuildFile; productRef = 8D3816282DC0A56B008F2539 /* NIOTLS */; };
		8D38162B2DC0A56B008F2539 /* NIOTestUtils in Frameworks */ = {isa = PBXBuildFile; productRef = 8D38162A2DC0A56B008F2539 /* NIOTestUtils */; };
		8D38162D2DC0A56B008F2539 /* NIOWebSocket in Frameworks */ = {isa = PBXBuildFile; productRef = 8D38162C2DC0A56B008F2539 /* NIOWebSocket */; };
		8D38162F2DC0A56B008F2539 /* _NIOConcurrency in Frameworks */ = {isa = PBXBuildFile; productRef = 8D38162E2DC0A56B008F2539 /* _NIOConcurrency */; };
		8D3816312DC0A56B008F2539 /* _NIOFileSystem in Frameworks */ = {isa = PBXBuildFile; productRef = 8D3816302DC0A56B008F2539 /* _NIOFileSystem */; };
		8D3816332DC0A56B008F2539 /* _NIOFileSystemFoundationCompat in Frameworks */ = {isa = PBXBuildFile; productRef = 8D3816322DC0A56B008F2539 /* _NIOFileSystemFoundationCompat */; };
		8D3816362DC0A666008F2539 /* Starscream in Frameworks */ = {isa = PBXBuildFile; productRef = 8D3816352DC0A666008F2539 /* Starscream */; };
		8D38163C2DC0D361008F2539 /* testAudio.swift in Sources */ = {isa = PBXBuildFile; fileRef = 8D38163B2DC0D361008F2539 /* testAudio.swift */; };
		8D4FC8F52DB8CA6A00D51E08 /* DietViewmodal.swift in Sources */ = {isa = PBXBuildFile; fileRef = 8D4FC8F42DB8CA6A00D51E08 /* DietViewmodal.swift */; };
		8D4FC8F72DB8D75B00D51E08 /* dietDataModel.swift in Sources */ = {isa = PBXBuildFile; fileRef = 8D4FC8F62DB8D75B00D51E08 /* dietDataModel.swift */; };
		8D78480B2DC32E2F004A255D /* EditProfileViewModal.swift in Sources */ = {isa = PBXBuildFile; fileRef = 8D7848092DC32E2F004A255D /* EditProfileViewModal.swift */; };
		8D78480E2DC38CD8004A255D /* ImagePicker.swift in Sources */ = {isa = PBXBuildFile; fileRef = 8D78480D2DC38CD8004A255D /* ImagePicker.swift */; };
		8D829EFD2E3CD7E200FA4298 /* challenges.swift in Sources */ = {isa = PBXBuildFile; fileRef = 8D829EF92E3CD7E200FA4298 /* challenges.swift */; };
		8D829EFE2E3CD7E200FA4298 /* ChallengesViewModel.swift in Sources */ = {isa = PBXBuildFile; fileRef = 8D829EFA2E3CD7E200FA4298 /* ChallengesViewModel.swift */; };
		8D829EFF2E3CD7E200FA4298 /* JoinedChallengeDataModel.swift in Sources */ = {isa = PBXBuildFile; fileRef = 8D829EFB2E3CD7E200FA4298 /* JoinedChallengeDataModel.swift */; };
		8D829F022E3CD7FB00FA4298 /* leaderboard.swift in Sources */ = {isa = PBXBuildFile; fileRef = 8D829F002E3CD7FB00FA4298 /* leaderboard.swift */; };
		8D8DB88D2E4DC741000A43A1 /* button_loader.gif in Resources */ = {isa = PBXBuildFile; fileRef = 8D8DB88C2E4DC740000A43A1 /* button_loader.gif */; };
		8D966B4D2D9CF6DB00B37927 /* appbar.swift in Sources */ = {isa = PBXBuildFile; fileRef = 8D8257742D97D39300CF96B4 /* appbar.swift */; };
		8D966B4E2D9CF6DF00B37927 /* url.swift in Sources */ = {isa = PBXBuildFile; fileRef = 8DFEF6392D9BEC5A0026726C /* url.swift */; };
		8D966B4F2D9CF6E700B37927 /* MyButton.swift in Sources */ = {isa = PBXBuildFile; fileRef = 8D8257762D97D7EC00CF96B4 /* MyButton.swift */; };
		8D966B502D9CF6EA00B37927 /* DummyView.swift in Sources */ = {isa = PBXBuildFile; fileRef = 8DFFCD342D92C2B7007A7483 /* DummyView.swift */; };
		8D966B512D9CF6EE00B37927 /* viewmodal.swift in Sources */ = {isa = PBXBuildFile; fileRef = 8DFFCD382D92C421007A7483 /* viewmodal.swift */; };
		8D966B532D9CF6F400B37927 /* network.swift in Sources */ = {isa = PBXBuildFile; fileRef = 8DFFCD2D2D927D82007A7483 /* network.swift */; };
		8D966B542D9CF6F800B37927 /* alert.swift in Sources */ = {isa = PBXBuildFile; fileRef = 8DFFCD2F2D927F7A007A7483 /* alert.swift */; };
		8D966B552D9CF6FB00B37927 /* APIClass.swift in Sources */ = {isa = PBXBuildFile; fileRef = 8DFFCD312D929DC4007A7483 /* APIClass.swift */; };
		8D966B562D9CF6FE00B37927 /* Text.swift in Sources */ = {isa = PBXBuildFile; fileRef = 8DD5F8652D8AD7C500FBDF87 /* Text.swift */; };
		8D966B572D9CF70200B37927 /* color.swift in Sources */ = {isa = PBXBuildFile; fileRef = 8DD5F84F2D8A890700FBDF87 /* color.swift */; };
		8D966B582D9CF70500B37927 /* LocalData.swift in Sources */ = {isa = PBXBuildFile; fileRef = 8DD5F8512D8A891700FBDF87 /* LocalData.swift */; };
		8D966B592D9CF70900B37927 /* routing.swift in Sources */ = {isa = PBXBuildFile; fileRef = 8DD5F8532D8A892000FBDF87 /* routing.swift */; };
		8D966B5A2D9CF70C00B37927 /* Feedback.swift in Sources */ = {isa = PBXBuildFile; fileRef = 8D82576F2D97D05700CF96B4 /* Feedback.swift */; };
		8D966B5B2D9CF70F00B37927 /* SymptomsView.swift in Sources */ = {isa = PBXBuildFile; fileRef = 8DC5CEB32D97E2B300BF614A /* SymptomsView.swift */; };
		8D966B5C2D9CF71300B37927 /* Confermation.swift in Sources */ = {isa = PBXBuildFile; fileRef = 8DC5CEB62D980A5700BF614A /* Confermation.swift */; };
		8D966B5D2D9CF71600B37927 /* FAQ.swift in Sources */ = {isa = PBXBuildFile; fileRef = 8DC5CEAF2D97E22900BF614A /* FAQ.swift */; };
		8D966B5E2D9CF71900B37927 /* login.swift in Sources */ = {isa = PBXBuildFile; fileRef = 8DD5F85B2D8A89FF00FBDF87 /* login.swift */; };
		8D966B5F2D9CF71D00B37927 /* otp.swift in Sources */ = {isa = PBXBuildFile; fileRef = 8DD5F85D2D8A8A1000FBDF87 /* otp.swift */; };
		8D966B602D9CF71F00B37927 /* LoginViewModal.swift in Sources */ = {isa = PBXBuildFile; fileRef = 8DFEF6372D9BD2910026726C /* LoginViewModal.swift */; };
		8D966B612D9CF72300B37927 /* Modal.swift in Sources */ = {isa = PBXBuildFile; fileRef = 8DFEF63B2D9BF2670026726C /* Modal.swift */; };
		8D966B632D9CF72A00B37927 /* Darkmode.swift in Sources */ = {isa = PBXBuildFile; fileRef = 8D81EC682D93C21700F46773 /* Darkmode.swift */; };
		8D966B642D9CF72E00B37927 /* drawer.swift in Sources */ = {isa = PBXBuildFile; fileRef = 8DAA9E1E2D913FFB00C0315F /* drawer.swift */; };
		8D966B652D9CF73200B37927 /* dashboard.swift in Sources */ = {isa = PBXBuildFile; fileRef = 8DD5F8592D8A89F200FBDF87 /* dashboard.swift */; };
		8D966B662D9CF73600B37927 /* onboarding.swift in Sources */ = {isa = PBXBuildFile; fileRef = 8DD5F8572D8A89D700FBDF87 /* onboarding.swift */; };
		8D966B672D9CF73900B37927 /* VitalioApp.swift in Sources */ = {isa = PBXBuildFile; fileRef = 8DD5F8552D8A892800FBDF87 /* VitalioApp.swift */; };
		8D966B682D9CF73D00B37927 /* ContentView.swift in Sources */ = {isa = PBXBuildFile; fileRef = 8DD5F8432D8A88B600FBDF87 /* ContentView.swift */; };
		8D966B692D9CF74200B37927 /* CreateAccont.swift in Sources */ = {isa = PBXBuildFile; fileRef = 8DD5F8632D8AB32E00FBDF87 /* CreateAccont.swift */; };
		8D966B6B2D9D2C5600B37927 /* GoogleService-Info.plist in Resources */ = {isa = PBXBuildFile; fileRef = 8D966B6A2D9D2C5600B37927 /* GoogleService-Info.plist */; };
		8D966B6F2D9D418900B37927 /* FirebaseAuth in Frameworks */ = {isa = PBXBuildFile; productRef = 8D966B6E2D9D418900B37927 /* FirebaseAuth */; };
		8D966B712D9D418900B37927 /* FirebaseCore in Frameworks */ = {isa = PBXBuildFile; productRef = 8D966B702D9D418900B37927 /* FirebaseCore */; };
		8D966B732D9D418900B37927 /* FirebaseMessaging in Frameworks */ = {isa = PBXBuildFile; productRef = 8D966B722D9D418900B37927 /* FirebaseMessaging */; };
		8D966B752D9D420200B37927 /* AppDelegate.swift in Sources */ = {isa = PBXBuildFile; fileRef = 8D966B742D9D420200B37927 /* AppDelegate.swift */; };
		8D966B782D9D442D00B37927 /* FirebaseAnalytics in Frameworks */ = {isa = PBXBuildFile; productRef = 8D966B772D9D442D00B37927 /* FirebaseAnalytics */; };
		8D9BCAAC2DA0FD6800405837 /* PillsViewModal.swift in Sources */ = {isa = PBXBuildFile; fileRef = 8D9BCAAB2DA0FD6800405837 /* PillsViewModal.swift */; };
		8DA8BD9E2E45E4EC00307949 /* JoinNowButton.swift in Sources */ = {isa = PBXBuildFile; fileRef = 8DA8BD9D2E45E4EC00307949 /* JoinNowButton.swift */; };
		8DBA7DD12E4B0A1F002F9B58 /* ResetPassword.swift in Sources */ = {isa = PBXBuildFile; fileRef = 8DBA7DD02E4B0A1F002F9B58 /* ResetPassword.swift */; };
		8DBD5F382DE9862900B2367C /* globalerror.swift in Sources */ = {isa = PBXBuildFile; fileRef = 8DBD5F372DE9862900B2367C /* globalerror.swift */; };
		8DBD5F3A2DE9C13700B2367C /* Internet.swift in Sources */ = {isa = PBXBuildFile; fileRef = 8DBD5F392DE9C13700B2367C /* Internet.swift */; };
		8DC4EAF12DD3221400F806B8 /* DeviceLimitPopup.swift in Sources */ = {isa = PBXBuildFile; fileRef = 8DC4EAF02DD3221400F806B8 /* DeviceLimitPopup.swift */; };
		8DCE2BCD2DA39F9E004EEED2 /* fluid.swift in Sources */ = {isa = PBXBuildFile; fileRef = 8DCE2BCC2DA39F9D004EEED2 /* fluid.swift */; };
		8DCE2BCF2DA3DF44004EEED2 /* MedicineModal.swift in Sources */ = {isa = PBXBuildFile; fileRef = 8DCE2BCE2DA3DF44004EEED2 /* MedicineModal.swift */; };
		8DD1EF612E3DEA4E00EBDC07 /* mood.swift in Sources */ = {isa = PBXBuildFile; fileRef = 8DD1EF602E3DEA4E00EBDC07 /* mood.swift */; };
		8DD5F8462D8A88B900FBDF87 /* Assets.xcassets in Resources */ = {isa = PBXBuildFile; fileRef = 8DD5F8452D8A88B900FBDF87 /* Assets.xcassets */; };
		8DD5F8492D8A88B900FBDF87 /* Preview Assets.xcassets in Resources */ = {isa = PBXBuildFile; fileRef = 8DD5F8482D8A88B900FBDF87 /* Preview Assets.xcassets */; };
		8DDDD4522E44841A001AE3B4 /* sleep.swift in Sources */ = {isa = PBXBuildFile; fileRef = 8DDDD4512E44841A001AE3B4 /* sleep.swift */; };
		8DDDD4542E448569001AE3B4 /* sleepmodel.swift in Sources */ = {isa = PBXBuildFile; fileRef = 8DDDD4532E448569001AE3B4 /* sleepmodel.swift */; };
		8DDDD4562E4485BC001AE3B4 /* SleepTrackerViewModel.swift in Sources */ = {isa = PBXBuildFile; fileRef = 8DDDD4552E4485BC001AE3B4 /* SleepTrackerViewModel.swift */; };
		8DDDD45D2E44B3F4001AE3B4 /* glad.gif in Resources */ = {isa = PBXBuildFile; fileRef = 8DDDD4572E44B3F2001AE3B4 /* glad.gif */; };
		8DDDD45E2E44B3F4001AE3B4 /* worried.gif in Resources */ = {isa = PBXBuildFile; fileRef = 8DDDD4582E44B3F2001AE3B4 /* worried.gif */; };
		8DDDD45F2E44B3F4001AE3B4 /* angry.gif in Resources */ = {isa = PBXBuildFile; fileRef = 8DDDD4592E44B3F3001AE3B4 /* angry.gif */; };
		8DDDD4602E44B3F4001AE3B4 /* Spectacular.gif in Resources */ = {isa = PBXBuildFile; fileRef = 8DDDD45A2E44B3F3001AE3B4 /* Spectacular.gif */; };
		8DDDD4612E44B3F4001AE3B4 /* Upset.gif in Resources */ = {isa = PBXBuildFile; fileRef = 8DDDD45B2E44B3F4001AE3B4 /* Upset.gif */; };
		8DDDD4622E44B3F4001AE3B4 /* happy.gif in Resources */ = {isa = PBXBuildFile; fileRef = 8DDDD45C2E44B3F4001AE3B4 /* happy.gif */; };
		8DDF8EDA2DBCE1A500F8B47D /* AllergiesView.swift in Sources */ = {isa = PBXBuildFile; fileRef = 8DDF8ED72DBCE1A400F8B47D /* AllergiesView.swift */; };
		8DDF8EDB2DBCE1A500F8B47D /* AllergiesViewModal.swift in Sources */ = {isa = PBXBuildFile; fileRef = 8DDF8ED82DBCE1A400F8B47D /* AllergiesViewModal.swift */; };
		8DDF8EDC2DBCE1A500F8B47D /* AllergiesDataModal.swift in Sources */ = {isa = PBXBuildFile; fileRef = 8DDF8ED92DBCE1A500F8B47D /* AllergiesDataModal.swift */; };
		8DDF8EE12DBCE1D800F8B47D /* CustomDropDown.swift in Sources */ = {isa = PBXBuildFile; fileRef = 8DDF8EDD2DBCE1D700F8B47D /* CustomDropDown.swift */; };
		8DDF8EE22DBCE1D800F8B47D /* CustomTextField 1.swift in Sources */ = {isa = PBXBuildFile; fileRef = 8DDF8EDE2DBCE1D700F8B47D /* CustomTextField 1.swift */; };
		8DDF8EE32DBCE1D800F8B47D /* CustomeLoader.swift in Sources */ = {isa = PBXBuildFile; fileRef = 8DDF8EDF2DBCE1D700F8B47D /* CustomeLoader.swift */; };
		8DE8699C2DB6215A003BD8A8 /* Symptoms View Model.swift in Sources */ = {isa = PBXBuildFile; fileRef = 8DE8699B2DB6215A003BD8A8 /* Symptoms View Model.swift */; };
		8DE869A02DB6478C003BD8A8 /* SymptomsDataModel.swift in Sources */ = {isa = PBXBuildFile; fileRef = 8DE8699F2DB6478C003BD8A8 /* SymptomsDataModel.swift */; };
		8DEE64452DBA0F8300C5B5E4 /* UploadReportViewModel.swift in Sources */ = {isa = PBXBuildFile; fileRef = 8DEE64442DBA0F8300C5B5E4 /* UploadReportViewModel.swift */; };
		8DEE64472DBA106C00C5B5E4 /* ReportDataModel.swift in Sources */ = {isa = PBXBuildFile; fileRef = 8DEE64462DBA106C00C5B5E4 /* ReportDataModel.swift */; };
		8DEE64492DBA3D9100C5B5E4 /* AddReport.swift in Sources */ = {isa = PBXBuildFile; fileRef = 8DEE64482DBA3D9000C5B5E4 /* AddReport.swift */; };
		8DEE644B2DBA50DB00C5B5E4 /* DynamicData.swift in Sources */ = {isa = PBXBuildFile; fileRef = 8DEE644A2DBA50DB00C5B5E4 /* DynamicData.swift */; };
		8DF1938A2E409EC500995340 /* sleeptracker.swift in Sources */ = {isa = PBXBuildFile; fileRef = 8DF193892E409EC400995340 /* sleeptracker.swift */; };
		8DF1938E2E40A69900995340 /* VitalsForDashboard.swift in Sources */ = {isa = PBXBuildFile; fileRef = 8DF1938D2E40A69900995340 /* VitalsForDashboard.swift */; };
		8DF253A12DD5CA7C00BECD6F /* ObserverDashboaard.swift in Sources */ = {isa = PBXBuildFile; fileRef = 8DF253A02DD5CA7C00BECD6F /* ObserverDashboaard.swift */; };
		8DF275A72DC9D70F00A39658 /* Symptoms history.swift in Sources */ = {isa = PBXBuildFile; fileRef = 8DF275A62DC9D70F00A39658 /* Symptoms history.swift */; };
		8DF275A92DCA168300A39658 /* sos.swift in Sources */ = {isa = PBXBuildFile; fileRef = 8DF275A82DCA168300A39658 /* sos.swift */; };
		8DF6EFE32DB770EE00E2C69A /* SymptomstrackerView.swift in Sources */ = {isa = PBXBuildFile; fileRef = 8DF6EFE22DB770EE00E2C69A /* SymptomstrackerView.swift */; };
		8DF6EFEA2DB799DB00E2C69A /* vitaldatamodal.swift in Sources */ = {isa = PBXBuildFile; fileRef = 8DF6EFE52DB799DB00E2C69A /* vitaldatamodal.swift */; };
		8DF6EFEB2DB799DB00E2C69A /* VitalView.swift in Sources */ = {isa = PBXBuildFile; fileRef = 8DF6EFE62DB799DB00E2C69A /* VitalView.swift */; };
		8DF6EFEC2DB799DB00E2C69A /* VitalHistoryView.swift in Sources */ = {isa = PBXBuildFile; fileRef = 8DF6EFE72DB799DB00E2C69A /* VitalHistoryView.swift */; };
		8DF6EFED2DB799DB00E2C69A /* AddVitalsView.swift in Sources */ = {isa = PBXBuildFile; fileRef = 8DF6EFE82DB799DB00E2C69A /* AddVitalsView.swift */; };
		8DF6EFEE2DB799DB00E2C69A /* VitalsViewModal.swift in Sources */ = {isa = PBXBuildFile; fileRef = 8DF6EFE92DB799DB00E2C69A /* VitalsViewModal.swift */; };
		8DF862712DD472B2002ADFE5 /* ShowImage.swift in Sources */ = {isa = PBXBuildFile; fileRef = 8DF862702DD472B2002ADFE5 /* ShowImage.swift */; };
		8DF9F8A22DAF865F002BBEBB /* fluiddatamodal.swift in Sources */ = {isa = PBXBuildFile; fileRef = 8DF9F8A12DAF865F002BBEBB /* fluiddatamodal.swift */; };
		8DFB66F22DAE2D2B00FE7302 /* FluidViewModal.swift in Sources */ = {isa = PBXBuildFile; fileRef = 8DFB66F12DAE2D2B00FE7302 /* FluidViewModal.swift */; };
		8DFB66F42DAE3A4500FE7302 /* addwater.swift in Sources */ = {isa = PBXBuildFile; fileRef = 8DFB66F32DAE3A4500FE7302 /* addwater.swift */; };
		8DFB66F62DAE759B00FE7302 /* Report.swift in Sources */ = {isa = PBXBuildFile; fileRef = 8DFB66F52DAE759B00FE7302 /* Report.swift */; };
/* End PBXBuildFile section */

/* Begin PBXFileReference section */
		521000D42E0139AF00AE9936 /* preview.swift */ = {isa = PBXFileReference; lastKnownFileType = sourcecode.swift; path = preview.swift; sourceTree = "<group>"; };
		525F3C572DF970C200D69430 /* Edit Profile 4.swift */ = {isa = PBXFileReference; lastKnownFileType = sourcecode.swift; path = "Edit Profile 4.swift"; sourceTree = "<group>"; };
		528CD8832E1697E70002B795 /* other_disease.gif */ = {isa = PBXFileReference; lastKnownFileType = image.gif; path = other_disease.gif; sourceTree = "<group>"; };
		5293CF112E129C770071D66B /* confetti.gif */ = {isa = PBXFileReference; lastKnownFileType = image.gif; path = confetti.gif; sourceTree = "<group>"; };
		52DA85C82E323E5500E19B0F /* otp_fields.swift */ = {isa = PBXFileReference; lastKnownFileType = sourcecode.swift; path = otp_fields.swift; sourceTree = "<group>"; };
		8D029BA52DE82DF0000FE708 /* en */ = {isa = PBXFileReference; lastKnownFileType = text.plist.strings; name = en; path = en.lproj/InfoPlist.strings; sourceTree = "<group>"; };
		8D029BA72DE82DF3000FE708 /* hi */ = {isa = PBXFileReference; lastKnownFileType = text.plist.strings; name = hi; path = hi.lproj/InfoPlist.strings; sourceTree = "<group>"; };
		8D0582A52DAA257F0043330A /* Intake.swift */ = {isa = PBXFileReference; lastKnownFileType = sourcecode.swift; path = Intake.swift; sourceTree = "<group>"; };
		8D0582A72DAA37370043330A /* BarChart.swift */ = {isa = PBXFileReference; lastKnownFileType = sourcecode.swift; path = BarChart.swift; sourceTree = "<group>"; };
		8D0582A92DAA3BFC0043330A /* drag.swift */ = {isa = PBXFileReference; lastKnownFileType = sourcecode.swift; path = drag.swift; sourceTree = "<group>"; };
		8D0582AB2DAA6C4B0043330A /* intakehistory.swift */ = {isa = PBXFileReference; lastKnownFileType = sourcecode.swift; path = intakehistory.swift; sourceTree = "<group>"; };
		8D0582AD2DAA7C350043330A /* outputHistory.swift */ = {isa = PBXFileReference; lastKnownFileType = sourcecode.swift; path = outputHistory.swift; sourceTree = "<group>"; };
		8D08F2242E49DA0E00FE1B04 /* forgetpassword.swift */ = {isa = PBXFileReference; lastKnownFileType = sourcecode.swift; path = forgetpassword.swift; sourceTree = "<group>"; };
		8D0BBDC12DE6D7FD00ACFBBC /* en */ = {isa = PBXFileReference; lastKnownFileType = text.plist.strings; name = en; path = en.lproj/Localizable.strings; sourceTree = "<group>"; };
		8D0BBDC32DE6D7FF00ACFBBC /* hi */ = {isa = PBXFileReference; lastKnownFileType = text.plist.strings; name = hi; path = hi.lproj/Localizable.strings; sourceTree = "<group>"; };
		8D0BBDC52DE6E4E200ACFBBC /* language.swift */ = {isa = PBXFileReference; lastKnownFileType = sourcecode.swift; path = language.swift; sourceTree = "<group>"; };
		8D12F5EB2DC4A05E00DE1A41 /* AnimateWave.swift */ = {isa = PBXFileReference; lastKnownFileType = sourcecode.swift; path = AnimateWave.swift; sourceTree = "<group>"; };
		8D12F5ED2DC4A13400DE1A41 /* VoiceManager.swift */ = {isa = PBXFileReference; lastKnownFileType = sourcecode.swift; path = VoiceManager.swift; sourceTree = "<group>"; };
		8D1359C92DA65F63004A8332 /* popup.swift */ = {isa = PBXFileReference; lastKnownFileType = sourcecode.swift; path = popup.swift; sourceTree = "<group>"; };
		8D1544332DA907A9009E7433 /* Output.swift */ = {isa = PBXFileReference; lastKnownFileType = sourcecode.swift; path = Output.swift; sourceTree = "<group>"; };
		8D1544352DA91D72009E7433 /* DashboardViewModal.swift */ = {isa = PBXFileReference; lastKnownFileType = sourcecode.swift; path = DashboardViewModal.swift; sourceTree = "<group>"; };
		8D188B682DF93C00007267B9 /* gif.swift */ = {isa = PBXFileReference; lastKnownFileType = sourcecode.swift; path = gif.swift; sourceTree = "<group>"; };
		8D188B6D2DF9406B007267B9 /* calandergif.gif */ = {isa = PBXFileReference; lastKnownFileType = image.gif; path = calandergif.gif; sourceTree = "<group>"; };
		8D188B6F2DF947B1007267B9 /* gif2.gif */ = {isa = PBXFileReference; lastKnownFileType = image.gif; path = gif2.gif; sourceTree = "<group>"; };
		8D188B712DF948E6007267B9 /* namegif.gif */ = {isa = PBXFileReference; lastKnownFileType = image.gif; path = namegif.gif; sourceTree = "<group>"; };
		8D188B732DF9497D007267B9 /* gendergif.gif */ = {isa = PBXFileReference; lastKnownFileType = image.gif; path = gendergif.gif; sourceTree = "<group>"; };
		8D188B752DF949FE007267B9 /* bloodgif.gif */ = {isa = PBXFileReference; lastKnownFileType = image.gif; path = bloodgif.gif; sourceTree = "<group>"; };
		8D188B772DF94A28007267B9 /* addressgif.gif */ = {isa = PBXFileReference; lastKnownFileType = image.gif; path = addressgif.gif; sourceTree = "<group>"; };
		8D188B792DF94A40007267B9 /* weightgif.gif */ = {isa = PBXFileReference; lastKnownFileType = image.gif; path = weightgif.gif; sourceTree = "<group>"; };
		8D188B7B2DF94AAB007267B9 /* heightgif.gif */ = {isa = PBXFileReference; lastKnownFileType = image.gif; path = heightgif.gif; sourceTree = "<group>"; };
		8D188B7D2DF94AE3007267B9 /* diseasegif.gif */ = {isa = PBXFileReference; lastKnownFileType = image.gif; path = diseasegif.gif; sourceTree = "<group>"; };
		8D188B7F2DF94B39007267B9 /* familygif.gif */ = {isa = PBXFileReference; lastKnownFileType = image.gif; path = familygif.gif; sourceTree = "<group>"; };
		8D188B812DF94B86007267B9 /* setreminder.gif */ = {isa = PBXFileReference; lastKnownFileType = image.gif; path = setreminder.gif; sourceTree = "<group>"; };
		8D188B832DF94BCA007267B9 /* intakegif.gif */ = {isa = PBXFileReference; lastKnownFileType = image.gif; path = intakegif.gif; sourceTree = "<group>"; };
		8D2AEEC02DB3AAF300FFCB62 /* SharedAccountView.swift */ = {isa = PBXFileReference; lastKnownFileType = sourcecode.swift; path = SharedAccountView.swift; sourceTree = "<group>"; };
		8D2C37882E41D002003170DD /* ForgotPassword.swift */ = {isa = PBXFileReference; lastKnownFileType = sourcecode.swift; path = ForgotPassword.swift; sourceTree = "<group>"; };
		8D2E8FC72DDAF4CC0008EB66 /* country_json.json */ = {isa = PBXFileReference; fileEncoding = 4; lastKnownFileType = text.json; path = country_json.json; sourceTree = "<group>"; };
		8D2E8FC82DDAF4CC0008EB66 /* CreateAccountView.swift */ = {isa = PBXFileReference; fileEncoding = 4; lastKnownFileType = sourcecode.swift; path = CreateAccountView.swift; sourceTree = "<group>"; };
		8D2E8FC92DDAF4CC0008EB66 /* SignUpViewModel.swift */ = {isa = PBXFileReference; fileEncoding = 4; lastKnownFileType = sourcecode.swift; path = SignUpViewModel.swift; sourceTree = "<group>"; };
		8D2F1CC32DDD916F0058E939 /* signupdatamodel.swift */ = {isa = PBXFileReference; lastKnownFileType = sourcecode.swift; path = signupdatamodel.swift; sourceTree = "<group>"; };
		8D3148872D9FA371008DF7D7 /* PillsReminder.swift */ = {isa = PBXFileReference; lastKnownFileType = sourcecode.swift; path = PillsReminder.swift; sourceTree = "<group>"; };
		8D31488B2D9FB648008DF7D7 /* Calander.swift */ = {isa = PBXFileReference; lastKnownFileType = sourcecode.swift; path = Calander.swift; sourceTree = "<group>"; };
		8D31488E2D9FF8C7008DF7D7 /* DietView.swift */ = {isa = PBXFileReference; lastKnownFileType = sourcecode.swift; path = DietView.swift; sourceTree = "<group>"; };
		8D32473F2E4712CF003DC81B /* NewChallengeDataModel.swift */ = {isa = PBXFileReference; lastKnownFileType = sourcecode.swift; path = NewChallengeDataModel.swift; sourceTree = "<group>"; };
		8D3247412E471431003DC81B /* DashboardChallenge.swift */ = {isa = PBXFileReference; lastKnownFileType = sourcecode.swift; path = DashboardChallenge.swift; sourceTree = "<group>"; };
		8D3247432E47165D003DC81B /* NewChallengeView.swift */ = {isa = PBXFileReference; lastKnownFileType = sourcecode.swift; path = NewChallengeView.swift; sourceTree = "<group>"; };
		8D3247452E471F79003DC81B /* JoinChallengeView.swift */ = {isa = PBXFileReference; lastKnownFileType = sourcecode.swift; path = JoinChallengeView.swift; sourceTree = "<group>"; };
		8D3247472E4720E2003DC81B /* Toggle.swift */ = {isa = PBXFileReference; lastKnownFileType = sourcecode.swift; path = Toggle.swift; sourceTree = "<group>"; };
		8D3247492E472826003DC81B /* FullchallengeDescription.swift */ = {isa = PBXFileReference; lastKnownFileType = sourcecode.swift; path = FullchallengeDescription.swift; sourceTree = "<group>"; };
		8D3816132DC08C5C008F2539 /* Voiceassistantview.swift */ = {isa = PBXFileReference; lastKnownFileType = sourcecode.swift; path = Voiceassistantview.swift; sourceTree = "<group>"; };
		8D38163B2DC0D361008F2539 /* testAudio.swift */ = {isa = PBXFileReference; lastKnownFileType = sourcecode.swift; path = testAudio.swift; sourceTree = "<group>"; };
		8D4FC8F42DB8CA6A00D51E08 /* DietViewmodal.swift */ = {isa = PBXFileReference; lastKnownFileType = sourcecode.swift; path = DietViewmodal.swift; sourceTree = "<group>"; };
		8D4FC8F62DB8D75B00D51E08 /* dietDataModel.swift */ = {isa = PBXFileReference; lastKnownFileType = sourcecode.swift; path = dietDataModel.swift; sourceTree = "<group>"; };
		8D7848092DC32E2F004A255D /* EditProfileViewModal.swift */ = {isa = PBXFileReference; fileEncoding = 4; lastKnownFileType = sourcecode.swift; path = EditProfileViewModal.swift; sourceTree = "<group>"; };
		8D78480D2DC38CD8004A255D /* ImagePicker.swift */ = {isa = PBXFileReference; fileEncoding = 4; lastKnownFileType = sourcecode.swift; path = ImagePicker.swift; sourceTree = "<group>"; };
		8D81EC682D93C21700F46773 /* Darkmode.swift */ = {isa = PBXFileReference; lastKnownFileType = sourcecode.swift; path = Darkmode.swift; sourceTree = "<group>"; };
		8D82576F2D97D05700CF96B4 /* Feedback.swift */ = {isa = PBXFileReference; lastKnownFileType = sourcecode.swift; path = Feedback.swift; sourceTree = "<group>"; };
		8D8257742D97D39300CF96B4 /* appbar.swift */ = {isa = PBXFileReference; lastKnownFileType = sourcecode.swift; path = appbar.swift; sourceTree = "<group>"; };
		8D8257762D97D7EC00CF96B4 /* MyButton.swift */ = {isa = PBXFileReference; lastKnownFileType = sourcecode.swift; path = MyButton.swift; sourceTree = "<group>"; };
		8D829EF92E3CD7E200FA4298 /* challenges.swift */ = {isa = PBXFileReference; fileEncoding = 4; lastKnownFileType = sourcecode.swift; path = challenges.swift; sourceTree = "<group>"; };
		8D829EFA2E3CD7E200FA4298 /* ChallengesViewModel.swift */ = {isa = PBXFileReference; fileEncoding = 4; lastKnownFileType = sourcecode.swift; path = ChallengesViewModel.swift; sourceTree = "<group>"; };
		8D829EFB2E3CD7E200FA4298 /* JoinedChallengeDataModel.swift */ = {isa = PBXFileReference; fileEncoding = 4; lastKnownFileType = sourcecode.swift; path = JoinedChallengeDataModel.swift; sourceTree = "<group>"; };
		8D829F002E3CD7FB00FA4298 /* leaderboard.swift */ = {isa = PBXFileReference; fileEncoding = 4; lastKnownFileType = sourcecode.swift; path = leaderboard.swift; sourceTree = "<group>"; };
		8D8DB88C2E4DC740000A43A1 /* button_loader.gif */ = {isa = PBXFileReference; lastKnownFileType = image.gif; path = button_loader.gif; sourceTree = "<group>"; };
		8D966B6A2D9D2C5600B37927 /* GoogleService-Info.plist */ = {isa = PBXFileReference; fileEncoding = 4; lastKnownFileType = text.plist.xml; path = "GoogleService-Info.plist"; sourceTree = "<group>"; };
		8D966B6C2D9D400C00B37927 /* vitalio_native.entitlements */ = {isa = PBXFileReference; lastKnownFileType = text.plist.entitlements; path = vitalio_native.entitlements; sourceTree = "<group>"; };
		8D966B742D9D420200B37927 /* AppDelegate.swift */ = {isa = PBXFileReference; lastKnownFileType = sourcecode.swift; path = AppDelegate.swift; sourceTree = "<group>"; };
		8D966B792D9D46F400B37927 /* vitalio-native-Info.plist */ = {isa = PBXFileReference; lastKnownFileType = text.plist; path = "vitalio-native-Info.plist"; sourceTree = SOURCE_ROOT; };
		8D9BCAAB2DA0FD6800405837 /* PillsViewModal.swift */ = {isa = PBXFileReference; lastKnownFileType = sourcecode.swift; path = PillsViewModal.swift; sourceTree = "<group>"; };
		8DA8BD9D2E45E4EC00307949 /* JoinNowButton.swift */ = {isa = PBXFileReference; lastKnownFileType = sourcecode.swift; path = JoinNowButton.swift; sourceTree = "<group>"; };
		8DAA9E1E2D913FFB00C0315F /* drawer.swift */ = {isa = PBXFileReference; lastKnownFileType = sourcecode.swift; path = drawer.swift; sourceTree = "<group>"; };
		8DBA7DD02E4B0A1F002F9B58 /* ResetPassword.swift */ = {isa = PBXFileReference; lastKnownFileType = sourcecode.swift; path = ResetPassword.swift; sourceTree = "<group>"; };
		8DBD5F372DE9862900B2367C /* globalerror.swift */ = {isa = PBXFileReference; lastKnownFileType = sourcecode.swift; path = globalerror.swift; sourceTree = "<group>"; };
		8DBD5F392DE9C13700B2367C /* Internet.swift */ = {isa = PBXFileReference; lastKnownFileType = sourcecode.swift; path = Internet.swift; sourceTree = "<group>"; };
		8DC4EAF02DD3221400F806B8 /* DeviceLimitPopup.swift */ = {isa = PBXFileReference; lastKnownFileType = sourcecode.swift; path = DeviceLimitPopup.swift; sourceTree = "<group>"; };
		8DC5CEAF2D97E22900BF614A /* FAQ.swift */ = {isa = PBXFileReference; lastKnownFileType = sourcecode.swift; path = FAQ.swift; sourceTree = "<group>"; };
		8DC5CEB32D97E2B300BF614A /* SymptomsView.swift */ = {isa = PBXFileReference; lastKnownFileType = sourcecode.swift; path = SymptomsView.swift; sourceTree = "<group>"; };
		8DC5CEB62D980A5700BF614A /* Confermation.swift */ = {isa = PBXFileReference; lastKnownFileType = sourcecode.swift; path = Confermation.swift; sourceTree = "<group>"; };
		8DCE2BCC2DA39F9D004EEED2 /* fluid.swift */ = {isa = PBXFileReference; lastKnownFileType = sourcecode.swift; path = fluid.swift; sourceTree = "<group>"; };
		8DCE2BCE2DA3DF44004EEED2 /* MedicineModal.swift */ = {isa = PBXFileReference; lastKnownFileType = sourcecode.swift; path = MedicineModal.swift; sourceTree = "<group>"; };
		8DD1EF602E3DEA4E00EBDC07 /* mood.swift */ = {isa = PBXFileReference; lastKnownFileType = sourcecode.swift; path = mood.swift; sourceTree = "<group>"; };
		8DD5F83E2D8A88B600FBDF87 /* Vitalio.app */ = {isa = PBXFileReference; explicitFileType = wrapper.application; includeInIndex = 0; path = Vitalio.app; sourceTree = BUILT_PRODUCTS_DIR; };
		8DD5F8432D8A88B600FBDF87 /* ContentView.swift */ = {isa = PBXFileReference; lastKnownFileType = sourcecode.swift; path = ContentView.swift; sourceTree = "<group>"; };
		8DD5F8452D8A88B900FBDF87 /* Assets.xcassets */ = {isa = PBXFileReference; lastKnownFileType = folder.assetcatalog; path = Assets.xcassets; sourceTree = "<group>"; };
		8DD5F8482D8A88B900FBDF87 /* Preview Assets.xcassets */ = {isa = PBXFileReference; lastKnownFileType = folder.assetcatalog; path = "Preview Assets.xcassets"; sourceTree = "<group>"; };
		8DD5F84F2D8A890700FBDF87 /* color.swift */ = {isa = PBXFileReference; fileEncoding = 4; lastKnownFileType = sourcecode.swift; path = color.swift; sourceTree = "<group>"; };
		8DD5F8512D8A891700FBDF87 /* LocalData.swift */ = {isa = PBXFileReference; fileEncoding = 4; lastKnownFileType = sourcecode.swift; path = LocalData.swift; sourceTree = "<group>"; };
		8DD5F8532D8A892000FBDF87 /* routing.swift */ = {isa = PBXFileReference; fileEncoding = 4; lastKnownFileType = sourcecode.swift; path = routing.swift; sourceTree = "<group>"; };
		8DD5F8552D8A892800FBDF87 /* VitalioApp.swift */ = {isa = PBXFileReference; fileEncoding = 4; lastKnownFileType = sourcecode.swift; path = VitalioApp.swift; sourceTree = "<group>"; };
		8DD5F8572D8A89D700FBDF87 /* onboarding.swift */ = {isa = PBXFileReference; fileEncoding = 4; lastKnownFileType = sourcecode.swift; path = onboarding.swift; sourceTree = "<group>"; };
		8DD5F8592D8A89F200FBDF87 /* dashboard.swift */ = {isa = PBXFileReference; fileEncoding = 4; lastKnownFileType = sourcecode.swift; path = dashboard.swift; sourceTree = "<group>"; };
		8DD5F85B2D8A89FF00FBDF87 /* login.swift */ = {isa = PBXFileReference; fileEncoding = 4; lastKnownFileType = sourcecode.swift; path = login.swift; sourceTree = "<group>"; };
		8DD5F85D2D8A8A1000FBDF87 /* otp.swift */ = {isa = PBXFileReference; fileEncoding = 4; lastKnownFileType = sourcecode.swift; path = otp.swift; sourceTree = "<group>"; };
		8DD5F8632D8AB32E00FBDF87 /* CreateAccont.swift */ = {isa = PBXFileReference; lastKnownFileType = sourcecode.swift; path = CreateAccont.swift; sourceTree = "<group>"; };
		8DD5F8652D8AD7C500FBDF87 /* Text.swift */ = {isa = PBXFileReference; lastKnownFileType = sourcecode.swift; path = Text.swift; sourceTree = "<group>"; };
		8DDDD4512E44841A001AE3B4 /* sleep.swift */ = {isa = PBXFileReference; lastKnownFileType = sourcecode.swift; path = sleep.swift; sourceTree = "<group>"; };
		8DDDD4532E448569001AE3B4 /* sleepmodel.swift */ = {isa = PBXFileReference; lastKnownFileType = sourcecode.swift; path = sleepmodel.swift; sourceTree = "<group>"; };
		8DDDD4552E4485BC001AE3B4 /* SleepTrackerViewModel.swift */ = {isa = PBXFileReference; lastKnownFileType = sourcecode.swift; path = SleepTrackerViewModel.swift; sourceTree = "<group>"; };
		8DDDD4572E44B3F2001AE3B4 /* glad.gif */ = {isa = PBXFileReference; lastKnownFileType = image.gif; path = glad.gif; sourceTree = "<group>"; };
		8DDDD4582E44B3F2001AE3B4 /* worried.gif */ = {isa = PBXFileReference; lastKnownFileType = image.gif; path = worried.gif; sourceTree = "<group>"; };
		8DDDD4592E44B3F3001AE3B4 /* angry.gif */ = {isa = PBXFileReference; lastKnownFileType = image.gif; path = angry.gif; sourceTree = "<group>"; };
		8DDDD45A2E44B3F3001AE3B4 /* Spectacular.gif */ = {isa = PBXFileReference; lastKnownFileType = image.gif; path = Spectacular.gif; sourceTree = "<group>"; };
		8DDDD45B2E44B3F4001AE3B4 /* Upset.gif */ = {isa = PBXFileReference; lastKnownFileType = image.gif; path = Upset.gif; sourceTree = "<group>"; };
		8DDDD45C2E44B3F4001AE3B4 /* happy.gif */ = {isa = PBXFileReference; lastKnownFileType = image.gif; path = happy.gif; sourceTree = "<group>"; };
		8DDF8ED72DBCE1A400F8B47D /* AllergiesView.swift */ = {isa = PBXFileReference; fileEncoding = 4; lastKnownFileType = sourcecode.swift; path = AllergiesView.swift; sourceTree = "<group>"; };
		8DDF8ED82DBCE1A400F8B47D /* AllergiesViewModal.swift */ = {isa = PBXFileReference; fileEncoding = 4; lastKnownFileType = sourcecode.swift; path = AllergiesViewModal.swift; sourceTree = "<group>"; };
		8DDF8ED92DBCE1A500F8B47D /* AllergiesDataModal.swift */ = {isa = PBXFileReference; fileEncoding = 4; lastKnownFileType = sourcecode.swift; path = AllergiesDataModal.swift; sourceTree = "<group>"; };
		8DDF8EDD2DBCE1D700F8B47D /* CustomDropDown.swift */ = {isa = PBXFileReference; fileEncoding = 4; lastKnownFileType = sourcecode.swift; path = CustomDropDown.swift; sourceTree = "<group>"; };
		8DDF8EDE2DBCE1D700F8B47D /* CustomTextField 1.swift */ = {isa = PBXFileReference; fileEncoding = 4; lastKnownFileType = sourcecode.swift; path = "CustomTextField 1.swift"; sourceTree = "<group>"; };
		8DDF8EDF2DBCE1D700F8B47D /* CustomeLoader.swift */ = {isa = PBXFileReference; fileEncoding = 4; lastKnownFileType = sourcecode.swift; path = CustomeLoader.swift; sourceTree = "<group>"; };
		8DE8699B2DB6215A003BD8A8 /* Symptoms View Model.swift */ = {isa = PBXFileReference; lastKnownFileType = sourcecode.swift; path = "Symptoms View Model.swift"; sourceTree = "<group>"; };
		8DE8699F2DB6478C003BD8A8 /* SymptomsDataModel.swift */ = {isa = PBXFileReference; lastKnownFileType = sourcecode.swift; path = SymptomsDataModel.swift; sourceTree = "<group>"; };
		8DEE64442DBA0F8300C5B5E4 /* UploadReportViewModel.swift */ = {isa = PBXFileReference; lastKnownFileType = sourcecode.swift; path = UploadReportViewModel.swift; sourceTree = "<group>"; };
		8DEE64462DBA106C00C5B5E4 /* ReportDataModel.swift */ = {isa = PBXFileReference; lastKnownFileType = sourcecode.swift; path = ReportDataModel.swift; sourceTree = "<group>"; };
		8DEE64482DBA3D9000C5B5E4 /* AddReport.swift */ = {isa = PBXFileReference; lastKnownFileType = sourcecode.swift; path = AddReport.swift; sourceTree = "<group>"; };
		8DEE644A2DBA50DB00C5B5E4 /* DynamicData.swift */ = {isa = PBXFileReference; lastKnownFileType = sourcecode.swift; path = DynamicData.swift; sourceTree = "<group>"; };
		8DF193892E409EC400995340 /* sleeptracker.swift */ = {isa = PBXFileReference; lastKnownFileType = sourcecode.swift; path = sleeptracker.swift; sourceTree = "<group>"; };
		8DF1938D2E40A69900995340 /* VitalsForDashboard.swift */ = {isa = PBXFileReference; lastKnownFileType = sourcecode.swift; path = VitalsForDashboard.swift; sourceTree = "<group>"; };
		8DF253A02DD5CA7C00BECD6F /* ObserverDashboaard.swift */ = {isa = PBXFileReference; lastKnownFileType = sourcecode.swift; path = ObserverDashboaard.swift; sourceTree = "<group>"; };
		8DF275A62DC9D70F00A39658 /* Symptoms history.swift */ = {isa = PBXFileReference; lastKnownFileType = sourcecode.swift; path = "Symptoms history.swift"; sourceTree = "<group>"; };
		8DF275A82DCA168300A39658 /* sos.swift */ = {isa = PBXFileReference; lastKnownFileType = sourcecode.swift; path = sos.swift; sourceTree = "<group>"; };
		8DF6EFE22DB770EE00E2C69A /* SymptomstrackerView.swift */ = {isa = PBXFileReference; lastKnownFileType = sourcecode.swift; path = SymptomstrackerView.swift; sourceTree = "<group>"; };
		8DF6EFE52DB799DB00E2C69A /* vitaldatamodal.swift */ = {isa = PBXFileReference; fileEncoding = 4; lastKnownFileType = sourcecode.swift; path = vitaldatamodal.swift; sourceTree = "<group>"; };
		8DF6EFE62DB799DB00E2C69A /* VitalView.swift */ = {isa = PBXFileReference; fileEncoding = 4; lastKnownFileType = sourcecode.swift; path = VitalView.swift; sourceTree = "<group>"; };
		8DF6EFE72DB799DB00E2C69A /* VitalHistoryView.swift */ = {isa = PBXFileReference; fileEncoding = 4; lastKnownFileType = sourcecode.swift; path = VitalHistoryView.swift; sourceTree = "<group>"; };
		8DF6EFE82DB799DB00E2C69A /* AddVitalsView.swift */ = {isa = PBXFileReference; fileEncoding = 4; lastKnownFileType = sourcecode.swift; path = AddVitalsView.swift; sourceTree = "<group>"; };
		8DF6EFE92DB799DB00E2C69A /* VitalsViewModal.swift */ = {isa = PBXFileReference; fileEncoding = 4; lastKnownFileType = sourcecode.swift; path = VitalsViewModal.swift; sourceTree = "<group>"; };
		8DF862702DD472B2002ADFE5 /* ShowImage.swift */ = {isa = PBXFileReference; lastKnownFileType = sourcecode.swift; path = ShowImage.swift; sourceTree = "<group>"; };
		8DF9F8A12DAF865F002BBEBB /* fluiddatamodal.swift */ = {isa = PBXFileReference; lastKnownFileType = sourcecode.swift; path = fluiddatamodal.swift; sourceTree = "<group>"; };
		8DFB66F12DAE2D2B00FE7302 /* FluidViewModal.swift */ = {isa = PBXFileReference; lastKnownFileType = sourcecode.swift; path = FluidViewModal.swift; sourceTree = "<group>"; };
		8DFB66F32DAE3A4500FE7302 /* addwater.swift */ = {isa = PBXFileReference; lastKnownFileType = sourcecode.swift; path = addwater.swift; sourceTree = "<group>"; };
		8DFB66F52DAE759B00FE7302 /* Report.swift */ = {isa = PBXFileReference; lastKnownFileType = sourcecode.swift; path = Report.swift; sourceTree = "<group>"; };
		8DFEF6372D9BD2910026726C /* LoginViewModal.swift */ = {isa = PBXFileReference; lastKnownFileType = sourcecode.swift; path = LoginViewModal.swift; sourceTree = "<group>"; };
		8DFEF6392D9BEC5A0026726C /* url.swift */ = {isa = PBXFileReference; lastKnownFileType = sourcecode.swift; path = url.swift; sourceTree = "<group>"; };
		8DFEF63B2D9BF2670026726C /* Modal.swift */ = {isa = PBXFileReference; lastKnownFileType = sourcecode.swift; path = Modal.swift; sourceTree = "<group>"; };
		8DFFCD2D2D927D82007A7483 /* network.swift */ = {isa = PBXFileReference; lastKnownFileType = sourcecode.swift; path = network.swift; sourceTree = "<group>"; };
		8DFFCD2F2D927F7A007A7483 /* alert.swift */ = {isa = PBXFileReference; lastKnownFileType = sourcecode.swift; path = alert.swift; sourceTree = "<group>"; };
		8DFFCD312D929DC4007A7483 /* APIClass.swift */ = {isa = PBXFileReference; lastKnownFileType = sourcecode.swift; path = APIClass.swift; sourceTree = "<group>"; };
		8DFFCD342D92C2B7007A7483 /* DummyView.swift */ = {isa = PBXFileReference; lastKnownFileType = sourcecode.swift; path = DummyView.swift; sourceTree = "<group>"; };
		8DFFCD382D92C421007A7483 /* viewmodal.swift */ = {isa = PBXFileReference; fileEncoding = 4; lastKnownFileType = sourcecode.swift; path = viewmodal.swift; sourceTree = "<group>"; };
/* End PBXFileReference section */

/* Begin PBXFrameworksBuildPhase section */
		8DD5F83B2D8A88B600FBDF87 /* Frameworks */ = {
			isa = PBXFrameworksBuildPhase;
			buildActionMask = 2147483647;
			files = (
				8D966B732D9D418900B37927 /* FirebaseMessaging in Frameworks */,
				8D3816232DC0A56B008F2539 /* NIOFoundationCompat in Frameworks */,
				8D3816272DC0A56B008F2539 /* NIOPosix in Frameworks */,
				8D38161F2DC0A56B008F2539 /* NIOCore in Frameworks */,
				8D3816252DC0A56B008F2539 /* NIOHTTP1 in Frameworks */,
				8D966B712D9D418900B37927 /* FirebaseCore in Frameworks */,
				8D3816212DC0A56B008F2539 /* NIOEmbedded in Frameworks */,
				8D38162D2DC0A56B008F2539 /* NIOWebSocket in Frameworks */,
				8D3816312DC0A56B008F2539 /* _NIOFileSystem in Frameworks */,
				8D188B6C2DF93D2B007267B9 /* SDWebImageSwiftUI in Frameworks */,
				8D3816332DC0A56B008F2539 /* _NIOFileSystemFoundationCompat in Frameworks */,
				8D966B782D9D442D00B37927 /* FirebaseAnalytics in Frameworks */,
				8D38162B2DC0A56B008F2539 /* NIOTestUtils in Frameworks */,
				8D38161D2DC0A56B008F2539 /* NIOConcurrencyHelpers in Frameworks */,
				8D966B6F2D9D418900B37927 /* FirebaseAuth in Frameworks */,
				8D38162F2DC0A56B008F2539 /* _NIOConcurrency in Frameworks */,
				8D38161B2DC0A56B008F2539 /* NIO in Frameworks */,
				8D3816292DC0A56B008F2539 /* NIOTLS in Frameworks */,
				8D3816362DC0A666008F2539 /* Starscream in Frameworks */,
			);
			runOnlyForDeploymentPostprocessing = 0;
		};
/* End PBXFrameworksBuildPhase section */

/* Begin PBXGroup section */
		8D0BBDC42DE6E4A900ACFBBC /* Language */ = {
			isa = PBXGroup;
			children = (
				8D0BBDC52DE6E4E200ACFBBC /* language.swift */,
			);
			path = Language;
			sourceTree = "<group>";
		};
		8D2AEEBF2DB3AAC100FFCB62 /* Add Member */ = {
			isa = PBXGroup;
			children = (
				8D2AEEC02DB3AAF300FFCB62 /* SharedAccountView.swift */,
			);
			path = "Add Member";
			sourceTree = "<group>";
		};
		8D2C37872E41CFDD003170DD /* forgot password */ = {
			isa = PBXGroup;
			children = (
				8D2C37882E41D002003170DD /* ForgotPassword.swift */,
			);
			path = "forgot password";
			sourceTree = "<group>";
		};
		8D2E8FC62DDAF4BA0008EB66 /* SignUp */ = {
			isa = PBXGroup;
			children = (
				521000D42E0139AF00AE9936 /* preview.swift */,
				8D2E8FC72DDAF4CC0008EB66 /* country_json.json */,
				8D2E8FC82DDAF4CC0008EB66 /* CreateAccountView.swift */,
				8D2E8FC92DDAF4CC0008EB66 /* SignUpViewModel.swift */,
				8D2F1CC32DDD916F0058E939 /* signupdatamodel.swift */,
			);
			path = SignUp;
			sourceTree = "<group>";
		};
		8D31488D2D9FF871008DF7D7 /* Diet */ = {
			isa = PBXGroup;
			children = (
				8D31488E2D9FF8C7008DF7D7 /* DietView.swift */,
				8D4FC8F42DB8CA6A00D51E08 /* DietViewmodal.swift */,
				8D4FC8F62DB8D75B00D51E08 /* dietDataModel.swift */,
			);
			path = Diet;
			sourceTree = "<group>";
		};
		8D32473D2E471284003DC81B /* Data Model */ = {
			isa = PBXGroup;
			children = (
				8D829EFB2E3CD7E200FA4298 /* JoinedChallengeDataModel.swift */,
				8D32473F2E4712CF003DC81B /* NewChallengeDataModel.swift */,
			);
			path = "Data Model";
			sourceTree = "<group>";
		};
		8D32474B2E47310B003DC81B /* Challange ViewModel */ = {
			isa = PBXGroup;
			children = (
				8D829EFA2E3CD7E200FA4298 /* ChallengesViewModel.swift */,
			);
			path = "Challange ViewModel";
			sourceTree = "<group>";
		};
		8D3816122DC08C38008F2539 /* voice assistant */ = {
			isa = PBXGroup;
			children = (
				8D3816132DC08C5C008F2539 /* Voiceassistantview.swift */,
				8D38163B2DC0D361008F2539 /* testAudio.swift */,
				8D12F5EB2DC4A05E00DE1A41 /* AnimateWave.swift */,
				8D12F5ED2DC4A13400DE1A41 /* VoiceManager.swift */,
			);
			path = "voice assistant";
			sourceTree = "<group>";
		};
		8D46DCDE2D951FC800FAC567 /* Dashboard */ = {
			isa = PBXGroup;
			children = (
				8DDDD4502E448380001AE3B4 /* sleepwidget */,
				8DD5F8592D8A89F200FBDF87 /* dashboard.swift */,
				8D1544352DA91D72009E7433 /* DashboardViewModal.swift */,
				8DF275A82DCA168300A39658 /* sos.swift */,
				8DD1EF602E3DEA4E00EBDC07 /* mood.swift */,
				8DF1938D2E40A69900995340 /* VitalsForDashboard.swift */,
			);
			path = Dashboard;
			sourceTree = "<group>";
		};
		8D46DCDF2D951FE500FAC567 /* Drawer */ = {
			isa = PBXGroup;
			children = (
				8DAA9E1E2D913FFB00C0315F /* drawer.swift */,
			);
			path = Drawer;
			sourceTree = "<group>";
		};
		8D46DCE12D95201600FAC567 /* Login */ = {
			isa = PBXGroup;
			children = (
				8DD5F85B2D8A89FF00FBDF87 /* login.swift */,
				8DD5F85D2D8A8A1000FBDF87 /* otp.swift */,
				8DFEF6372D9BD2910026726C /* LoginViewModal.swift */,
				8DFEF63B2D9BF2670026726C /* Modal.swift */,
				8DC4EAF02DD3221400F806B8 /* DeviceLimitPopup.swift */,
				8D08F2242E49DA0E00FE1B04 /* forgetpassword.swift */,
				8DBA7DD02E4B0A1F002F9B58 /* ResetPassword.swift */,
			);
			path = Login;
			sourceTree = "<group>";
		};
		8D46DCE22D95206F00FAC567 /* AppManager */ = {
			isa = PBXGroup;
			children = (
				52DA85C82E323E5500E19B0F /* otp_fields.swift */,
				8D9BCAAA2DA0F99B00405837 /* routing */,
				8D8257732D97D38200CF96B4 /* common */,
				8DFFCD282D926152007A7483 /* api */,
				8D78480D2DC38CD8004A255D /* ImagePicker.swift */,
				8DD5F84F2D8A890700FBDF87 /* color.swift */,
				8DD5F8512D8A891700FBDF87 /* LocalData.swift */,
				8DF862702DD472B2002ADFE5 /* ShowImage.swift */,
				8DBD5F372DE9862900B2367C /* globalerror.swift */,
				8DBD5F392DE9C13700B2367C /* Internet.swift */,
			);
			path = AppManager;
			sourceTree = "<group>";
		};
		8D46DCE32D9520C900FAC567 /* Edit Profile */ = {
			isa = PBXGroup;
			children = (
				525F3C572DF970C200D69430 /* Edit Profile 4.swift */,
				8D7848092DC32E2F004A255D /* EditProfileViewModal.swift */,
				8DF253A02DD5CA7C00BECD6F /* ObserverDashboaard.swift */,
			);
			path = "Edit Profile";
			sourceTree = "<group>";
		};
		8D81EC672D93C1FF00F46773 /* darkmode */ = {
			isa = PBXGroup;
			children = (
				8D81EC682D93C21700F46773 /* Darkmode.swift */,
			);
			path = darkmode;
			sourceTree = "<group>";
		};
		8D8257732D97D38200CF96B4 /* common */ = {
			isa = PBXGroup;
			children = (
				8DDF8EDD2DBCE1D700F8B47D /* CustomDropDown.swift */,
				8DDF8EDF2DBCE1D700F8B47D /* CustomeLoader.swift */,
				8DDF8EDE2DBCE1D700F8B47D /* CustomTextField 1.swift */,
				8DD5F8652D8AD7C500FBDF87 /* Text.swift */,
				8D8257742D97D39300CF96B4 /* appbar.swift */,
				8D8257762D97D7EC00CF96B4 /* MyButton.swift */,
				8D31488B2D9FB648008DF7D7 /* Calander.swift */,
				8D1359C92DA65F63004A8332 /* popup.swift */,
			);
			path = common;
			sourceTree = "<group>";
		};
		8D829EFC2E3CD7E200FA4298 /* Challenges */ = {
			isa = PBXGroup;
			children = (
				8DA8BD9C2E45E4D200307949 /* ChallangeView */,
				8D32474B2E47310B003DC81B /* Challange ViewModel */,
				8D32473D2E471284003DC81B /* Data Model */,
			);
			path = Challenges;
			sourceTree = "<group>";
		};
		8D829F012E3CD7FB00FA4298 /* leaderboard */ = {
			isa = PBXGroup;
			children = (
				8D829F002E3CD7FB00FA4298 /* leaderboard.swift */,
			);
			path = leaderboard;
			sourceTree = "<group>";
		};
		8D966B762D9D432D00B37927 /* Frameworks */ = {
			isa = PBXGroup;
			children = (
			);
			name = Frameworks;
			sourceTree = "<group>";
		};
		8D9BCAAA2DA0F99B00405837 /* routing */ = {
			isa = PBXGroup;
			children = (
				8DD5F8532D8A892000FBDF87 /* routing.swift */,
			);
			path = routing;
			sourceTree = "<group>";
		};
		8DA8BD9C2E45E4D200307949 /* ChallangeView */ = {
			isa = PBXGroup;
			children = (
				8D829EF92E3CD7E200FA4298 /* challenges.swift */,
				8D3247432E47165D003DC81B /* NewChallengeView.swift */,
				8DA8BD9D2E45E4EC00307949 /* JoinNowButton.swift */,
				8D3247412E471431003DC81B /* DashboardChallenge.swift */,
				8D3247452E471F79003DC81B /* JoinChallengeView.swift */,
				8D3247472E4720E2003DC81B /* Toggle.swift */,
				8D3247492E472826003DC81B /* FullchallengeDescription.swift */,
			);
			path = ChallangeView;
			sourceTree = "<group>";
		};
		8DC5CEAD2D97E1FD00BF614A /* Pills Reminder */ = {
			isa = PBXGroup;
			children = (
				8D3148872D9FA371008DF7D7 /* PillsReminder.swift */,
				8D9BCAAB2DA0FD6800405837 /* PillsViewModal.swift */,
				8DCE2BCE2DA3DF44004EEED2 /* MedicineModal.swift */,
			);
			path = "Pills Reminder";
			sourceTree = "<group>";
		};
		8DC5CEAE2D97E21500BF614A /* FAQ */ = {
			isa = PBXGroup;
			children = (
				8DC5CEAF2D97E22900BF614A /* FAQ.swift */,
			);
			path = FAQ;
			sourceTree = "<group>";
		};
		8DC5CEB12D97E28000BF614A /* symptoms */ = {
			isa = PBXGroup;
			children = (
				8DC5CEB32D97E2B300BF614A /* SymptomsView.swift */,
				8DC5CEB62D980A5700BF614A /* Confermation.swift */,
				8DE8699B2DB6215A003BD8A8 /* Symptoms View Model.swift */,
				8DE8699F2DB6478C003BD8A8 /* SymptomsDataModel.swift */,
				8DF6EFE22DB770EE00E2C69A /* SymptomstrackerView.swift */,
				8DF275A62DC9D70F00A39658 /* Symptoms history.swift */,
			);
			path = symptoms;
			sourceTree = "<group>";
		};
		8DC5CEB52D97F53500BF614A /* feedback */ = {
			isa = PBXGroup;
			children = (
				8D82576F2D97D05700CF96B4 /* Feedback.swift */,
			);
			path = feedback;
			sourceTree = "<group>";
		};
		8DCE2BCB2DA39F8E004EEED2 /* fluid */ = {
			isa = PBXGroup;
			children = (
				8DCE2BCC2DA39F9D004EEED2 /* fluid.swift */,
				8D1544332DA907A9009E7433 /* Output.swift */,
				8D0582A52DAA257F0043330A /* Intake.swift */,
				8D0582A72DAA37370043330A /* BarChart.swift */,
				8D0582A92DAA3BFC0043330A /* drag.swift */,
				8D0582AB2DAA6C4B0043330A /* intakehistory.swift */,
				8D0582AD2DAA7C350043330A /* outputHistory.swift */,
				8DFB66F12DAE2D2B00FE7302 /* FluidViewModal.swift */,
				8DFB66F32DAE3A4500FE7302 /* addwater.swift */,
				8DF9F8A12DAF865F002BBEBB /* fluiddatamodal.swift */,
			);
			path = fluid;
			sourceTree = "<group>";
		};
		8DD5F8352D8A88B600FBDF87 = {
			isa = PBXGroup;
			children = (
				8D8DB88C2E4DC740000A43A1 /* button_loader.gif */,
				8DDDD4592E44B3F3001AE3B4 /* angry.gif */,
				8DDDD4572E44B3F2001AE3B4 /* glad.gif */,
				8DDDD45C2E44B3F4001AE3B4 /* happy.gif */,
				8DDDD45A2E44B3F3001AE3B4 /* Spectacular.gif */,
				8DDDD45B2E44B3F4001AE3B4 /* Upset.gif */,
				8DDDD4582E44B3F2001AE3B4 /* worried.gif */,
				8D188B832DF94BCA007267B9 /* intakegif.gif */,
				8D188B812DF94B86007267B9 /* setreminder.gif */,
				8D188B7F2DF94B39007267B9 /* familygif.gif */,
				8D188B7D2DF94AE3007267B9 /* diseasegif.gif */,
				8D188B7B2DF94AAB007267B9 /* heightgif.gif */,
				5293CF112E129C770071D66B /* confetti.gif */,
				528CD8832E1697E70002B795 /* other_disease.gif */,
				8D188B792DF94A40007267B9 /* weightgif.gif */,
				8D188B772DF94A28007267B9 /* addressgif.gif */,
				8D188B752DF949FE007267B9 /* bloodgif.gif */,
				8D188B732DF9497D007267B9 /* gendergif.gif */,
				8D188B712DF948E6007267B9 /* namegif.gif */,
				8D188B6F2DF947B1007267B9 /* gif2.gif */,
				8D188B6D2DF9406B007267B9 /* calandergif.gif */,
				8D188B682DF93C00007267B9 /* gif.swift */,
				8D966B742D9D420200B37927 /* AppDelegate.swift */,
				8D029BA62DE82DF0000FE708 /* InfoPlist.strings */,
				8DD5F8402D8A88B600FBDF87 /* vitalio_native */,
				8DD5F83F2D8A88B600FBDF87 /* Products */,
				8D966B762D9D432D00B37927 /* Frameworks */,
			);
			sourceTree = "<group>";
		};
		8DD5F83F2D8A88B600FBDF87 /* Products */ = {
			isa = PBXGroup;
			children = (
				8DD5F83E2D8A88B600FBDF87 /* Vitalio.app */,
			);
			name = Products;
			sourceTree = "<group>";
		};
		8DD5F8402D8A88B600FBDF87 /* vitalio_native */ = {
			isa = PBXGroup;
			children = (
				8D2C37872E41CFDD003170DD /* forgot password */,
				8D0BBDC42DE6E4A900ACFBBC /* Language */,
				8D966B792D9D46F400B37927 /* vitalio-native-Info.plist */,
				8D966B6C2D9D400C00B37927 /* vitalio_native.entitlements */,
				8D966B6A2D9D2C5600B37927 /* GoogleService-Info.plist */,
				8D46DCE22D95206F00FAC567 /* AppManager */,
				8D46DCDE2D951FC800FAC567 /* Dashboard */,
				8D829F012E3CD7FB00FA4298 /* leaderboard */,
				8D829EFC2E3CD7E200FA4298 /* Challenges */,
				8D46DCDF2D951FE500FAC567 /* Drawer */,
				8D2E8FC62DDAF4BA0008EB66 /* SignUp */,
				8DDF8ED62DBCE17100F8B47D /* allergies */,
				8D3816122DC08C38008F2539 /* voice assistant */,
				8D2AEEBF2DB3AAC100FFCB62 /* Add Member */,
				8DF6EFE42DB7997500E2C69A /* vital */,
				8DC5CEB12D97E28000BF614A /* symptoms */,
				8DCE2BCB2DA39F8E004EEED2 /* fluid */,
				8DC5CEAE2D97E21500BF614A /* FAQ */,
				8DC5CEB52D97F53500BF614A /* feedback */,
				8D31488D2D9FF871008DF7D7 /* Diet */,
				8DC5CEAD2D97E1FD00BF614A /* Pills Reminder */,
				8D46DCE12D95201600FAC567 /* Login */,
				8D46DCE32D9520C900FAC567 /* Edit Profile */,
				8DEE64432DBA0F5000C5B5E4 /* Upload report */,
				8D81EC672D93C1FF00F46773 /* darkmode */,
				8DD5F8572D8A89D700FBDF87 /* onboarding.swift */,
				8DD5F8552D8A892800FBDF87 /* VitalioApp.swift */,
				8DD5F8432D8A88B600FBDF87 /* ContentView.swift */,
				8DD5F8632D8AB32E00FBDF87 /* CreateAccont.swift */,
				8DD5F8452D8A88B900FBDF87 /* Assets.xcassets */,
				8DD5F8472D8A88B900FBDF87 /* Preview Content */,
				8D0BBDC22DE6D7FD00ACFBBC /* Localizable.strings */,
				8DF193892E409EC400995340 /* sleeptracker.swift */,
			);
			path = vitalio_native;
			sourceTree = "<group>";
		};
		8DD5F8472D8A88B900FBDF87 /* Preview Content */ = {
			isa = PBXGroup;
			children = (
				8DD5F8482D8A88B900FBDF87 /* Preview Assets.xcassets */,
			);
			path = "Preview Content";
			sourceTree = "<group>";
		};
		8DDDD4502E448380001AE3B4 /* sleepwidget */ = {
			isa = PBXGroup;
			children = (
				8DDDD4512E44841A001AE3B4 /* sleep.swift */,
				8DDDD4532E448569001AE3B4 /* sleepmodel.swift */,
				8DDDD4552E4485BC001AE3B4 /* SleepTrackerViewModel.swift */,
			);
			path = sleepwidget;
			sourceTree = "<group>";
		};
		8DDF8ED62DBCE17100F8B47D /* allergies */ = {
			isa = PBXGroup;
			children = (
				8DDF8ED92DBCE1A500F8B47D /* AllergiesDataModal.swift */,
				8DDF8ED72DBCE1A400F8B47D /* AllergiesView.swift */,
				8DDF8ED82DBCE1A400F8B47D /* AllergiesViewModal.swift */,
			);
			path = allergies;
			sourceTree = "<group>";
		};
		8DEE64432DBA0F5000C5B5E4 /* Upload report */ = {
			isa = PBXGroup;
			children = (
				8DFB66F52DAE759B00FE7302 /* Report.swift */,
				8DEE64442DBA0F8300C5B5E4 /* UploadReportViewModel.swift */,
				8DEE64462DBA106C00C5B5E4 /* ReportDataModel.swift */,
				8DEE64482DBA3D9000C5B5E4 /* AddReport.swift */,
				8DEE644A2DBA50DB00C5B5E4 /* DynamicData.swift */,
			);
			path = "Upload report";
			sourceTree = "<group>";
		};
		8DF6EFE42DB7997500E2C69A /* vital */ = {
			isa = PBXGroup;
			children = (
				8DF6EFE82DB799DB00E2C69A /* AddVitalsView.swift */,
				8DF6EFE52DB799DB00E2C69A /* vitaldatamodal.swift */,
				8DF6EFE72DB799DB00E2C69A /* VitalHistoryView.swift */,
				8DF6EFE92DB799DB00E2C69A /* VitalsViewModal.swift */,
				8DF6EFE62DB799DB00E2C69A /* VitalView.swift */,
			);
			path = vital;
			sourceTree = "<group>";
		};
		8DFFCD282D926152007A7483 /* api */ = {
			isa = PBXGroup;
			children = (
				8DFFCD332D92C29A007A7483 /* dummy */,
				8DFFCD2D2D927D82007A7483 /* network.swift */,
				8DFFCD2F2D927F7A007A7483 /* alert.swift */,
				8DFFCD312D929DC4007A7483 /* APIClass.swift */,
				8DFEF6392D9BEC5A0026726C /* url.swift */,
			);
			path = api;
			sourceTree = "<group>";
		};
		8DFFCD332D92C29A007A7483 /* dummy */ = {
			isa = PBXGroup;
			children = (
				8DFFCD342D92C2B7007A7483 /* DummyView.swift */,
				8DFFCD382D92C421007A7483 /* viewmodal.swift */,
			);
			path = dummy;
			sourceTree = "<group>";
		};
/* End PBXGroup section */

/* Begin PBXNativeTarget section */
		8DD5F83D2D8A88B600FBDF87 /* vitalio_native */ = {
			isa = PBXNativeTarget;
			buildConfigurationList = 8DD5F84C2D8A88B900FBDF87 /* Build configuration list for PBXNativeTarget "vitalio_native" */;
			buildPhases = (
				8DD5F83B2D8A88B600FBDF87 /* Frameworks */,
				8DD5F83C2D8A88B600FBDF87 /* Resources */,
				8D966B4C2D9CF6D400B37927 /* Sources */,
			);
			buildRules = (
			);
			dependencies = (
			);
			name = vitalio_native;
			packageProductDependencies = (
				8D966B6E2D9D418900B37927 /* FirebaseAuth */,
				8D966B702D9D418900B37927 /* FirebaseCore */,
				8D966B722D9D418900B37927 /* FirebaseMessaging */,
				8D966B772D9D442D00B37927 /* FirebaseAnalytics */,
				8D38161A2DC0A56B008F2539 /* NIO */,
				8D38161C2DC0A56B008F2539 /* NIOConcurrencyHelpers */,
				8D38161E2DC0A56B008F2539 /* NIOCore */,
				8D3816202DC0A56B008F2539 /* NIOEmbedded */,
				8D3816222DC0A56B008F2539 /* NIOFoundationCompat */,
				8D3816242DC0A56B008F2539 /* NIOHTTP1 */,
				8D3816262DC0A56B008F2539 /* NIOPosix */,
				8D3816282DC0A56B008F2539 /* NIOTLS */,
				8D38162A2DC0A56B008F2539 /* NIOTestUtils */,
				8D38162C2DC0A56B008F2539 /* NIOWebSocket */,
				8D38162E2DC0A56B008F2539 /* _NIOConcurrency */,
				8D3816302DC0A56B008F2539 /* _NIOFileSystem */,
				8D3816322DC0A56B008F2539 /* _NIOFileSystemFoundationCompat */,
				8D3816352DC0A666008F2539 /* Starscream */,
				8D188B6B2DF93D2B007267B9 /* SDWebImageSwiftUI */,
			);
			productName = vitalio_native;
			productReference = 8DD5F83E2D8A88B600FBDF87 /* Vitalio.app */;
			productType = "com.apple.product-type.application";
		};
/* End PBXNativeTarget section */

/* Begin PBXProject section */
		8DD5F8362D8A88B600FBDF87 /* Project object */ = {
			isa = PBXProject;
			attributes = {
				BuildIndependentTargetsInParallel = 1;
				LastSwiftUpdateCheck = 1540;
				LastUpgradeCheck = 1540;
				TargetAttributes = {
					8DD5F83D2D8A88B600FBDF87 = {
						CreatedOnToolsVersion = 15.4;
					};
				};
			};
			buildConfigurationList = 8DD5F8392D8A88B600FBDF87 /* Build configuration list for PBXProject "vitalio_native" */;
			compatibilityVersion = "Xcode 14.0";
			developmentRegion = en;
			hasScannedForEncodings = 0;
			knownRegions = (
				en,
				Base,
				hi,
			);
			mainGroup = 8DD5F8352D8A88B600FBDF87;
			packageReferences = (
				8D966B6D2D9D418900B37927 /* XCRemoteSwiftPackageReference "firebase-ios-sdk" */,
				8D3816192DC0A56A008F2539 /* XCRemoteSwiftPackageReference "swift-nio" */,
				8D3816342DC0A666008F2539 /* XCRemoteSwiftPackageReference "Starscream" */,
				8D188B6A2DF93D2A007267B9 /* XCRemoteSwiftPackageReference "SDWebImageSwiftUI" */,
			);
			productRefGroup = 8DD5F83F2D8A88B600FBDF87 /* Products */;
			projectDirPath = "";
			projectRoot = "";
			targets = (
				8DD5F83D2D8A88B600FBDF87 /* vitalio_native */,
			);
		};
/* End PBXProject section */

/* Begin PBXResourcesBuildPhase section */
		8DD5F83C2D8A88B600FBDF87 /* Resources */ = {
			isa = PBXResourcesBuildPhase;
			buildActionMask = 2147483647;
			files = (
				8D188B802DF94B39007267B9 /* familygif.gif in Resources */,
				8D0BBDC02DE6D7FD00ACFBBC /* Localizable.strings in Resources */,
				8D188B722DF948E7007267B9 /* namegif.gif in Resources */,
				8DDDD4622E44B3F4001AE3B4 /* happy.gif in Resources */,
				8D188B7E2DF94AE3007267B9 /* diseasegif.gif in Resources */,
				528CD8842E1697E70002B795 /* other_disease.gif in Resources */,
				8D188B822DF94B86007267B9 /* setreminder.gif in Resources */,
				8D188B782DF94A28007267B9 /* addressgif.gif in Resources */,
				8D029BA42DE82DF0000FE708 /* InfoPlist.strings in Resources */,
				8DDDD45F2E44B3F4001AE3B4 /* angry.gif in Resources */,
				8D188B7C2DF94AAB007267B9 /* heightgif.gif in Resources */,
				8D188B7A2DF94A40007267B9 /* weightgif.gif in Resources */,
				8D188B6E2DF9406B007267B9 /* calandergif.gif in Resources */,
				8DDDD4612E44B3F4001AE3B4 /* Upset.gif in Resources */,
				5293CF122E129C770071D66B /* confetti.gif in Resources */,
				8D188B762DF949FE007267B9 /* bloodgif.gif in Resources */,
				8D8DB88D2E4DC741000A43A1 /* button_loader.gif in Resources */,
				8DDDD45E2E44B3F4001AE3B4 /* worried.gif in Resources */,
				8DDDD45D2E44B3F4001AE3B4 /* glad.gif in Resources */,
				8D188B742DF9497D007267B9 /* gendergif.gif in Resources */,
				8DD5F8492D8A88B900FBDF87 /* Preview Assets.xcassets in Resources */,
				8DDDD4602E44B3F4001AE3B4 /* Spectacular.gif in Resources */,
				8D188B842DF94BCA007267B9 /* intakegif.gif in Resources */,
				8D188B702DF947B1007267B9 /* gif2.gif in Resources */,
				8DD5F8462D8A88B900FBDF87 /* Assets.xcassets in Resources */,
				8D2E8FCA2DDAF4CC0008EB66 /* country_json.json in Resources */,
				8D966B6B2D9D2C5600B37927 /* GoogleService-Info.plist in Resources */,
			);
			runOnlyForDeploymentPostprocessing = 0;
		};
/* End PBXResourcesBuildPhase section */

/* Begin PBXSourcesBuildPhase section */
		8D966B4C2D9CF6D400B37927 /* Sources */ = {
			isa = PBXSourcesBuildPhase;
			buildActionMask = 2147483647;
			files = (
				8DF6EFEC2DB799DB00E2C69A /* VitalHistoryView.swift in Sources */,
				8D966B692D9CF74200B37927 /* CreateAccont.swift in Sources */,
				8D966B682D9CF73D00B37927 /* ContentView.swift in Sources */,
				8DDF8EE12DBCE1D800F8B47D /* CustomDropDown.swift in Sources */,
				8D12F5EC2DC4A05F00DE1A41 /* AnimateWave.swift in Sources */,
				8D3816142DC08C5C008F2539 /* Voiceassistantview.swift in Sources */,
				8DF6EFEE2DB799DB00E2C69A /* VitalsViewModal.swift in Sources */,
				8D966B672D9CF73900B37927 /* VitalioApp.swift in Sources */,
				8DDF8EDC2DBCE1A500F8B47D /* AllergiesDataModal.swift in Sources */,
				8D0BBDC62DE6E4E200ACFBBC /* language.swift in Sources */,
				8DE869A02DB6478C003BD8A8 /* SymptomsDataModel.swift in Sources */,
				8D966B662D9CF73600B37927 /* onboarding.swift in Sources */,
				8D3148882D9FA371008DF7D7 /* PillsReminder.swift in Sources */,
				8D966B752D9D420200B37927 /* AppDelegate.swift in Sources */,
				8D966B652D9CF73200B37927 /* dashboard.swift in Sources */,
				8D2E8FCB2DDAF4CC0008EB66 /* CreateAccountView.swift in Sources */,
				8D966B642D9CF72E00B37927 /* drawer.swift in Sources */,
				8DEE64472DBA106C00C5B5E4 /* ReportDataModel.swift in Sources */,
				8D0582A82DAA37380043330A /* BarChart.swift in Sources */,
				8DFB66F62DAE759B00FE7302 /* Report.swift in Sources */,
				8D31488C2D9FB648008DF7D7 /* Calander.swift in Sources */,
				8D78480B2DC32E2F004A255D /* EditProfileViewModal.swift in Sources */,
				8DC4EAF12DD3221400F806B8 /* DeviceLimitPopup.swift in Sources */,
				8D1544362DA91D72009E7433 /* DashboardViewModal.swift in Sources */,
				8D78480E2DC38CD8004A255D /* ImagePicker.swift in Sources */,
				8D966B632D9CF72A00B37927 /* Darkmode.swift in Sources */,
				8DF6EFEB2DB799DB00E2C69A /* VitalView.swift in Sources */,
				8DF275A92DCA168300A39658 /* sos.swift in Sources */,
				52DA85C92E323E5E00E19B0F /* otp_fields.swift in Sources */,
				8DDF8EDB2DBCE1A500F8B47D /* AllergiesViewModal.swift in Sources */,
				8DE8699C2DB6215A003BD8A8 /* Symptoms View Model.swift in Sources */,
				8D966B612D9CF72300B37927 /* Modal.swift in Sources */,
				8D188B692DF93C00007267B9 /* gif.swift in Sources */,
				8D966B602D9CF71F00B37927 /* LoginViewModal.swift in Sources */,
				521000D52E0139BD00AE9936 /* preview.swift in Sources */,
				8D829EFD2E3CD7E200FA4298 /* challenges.swift in Sources */,
				8D4FC8F52DB8CA6A00D51E08 /* DietViewmodal.swift in Sources */,
				8DDDD4562E4485BC001AE3B4 /* SleepTrackerViewModel.swift in Sources */,
				8DD1EF612E3DEA4E00EBDC07 /* mood.swift in Sources */,
				525F3C582DF970C200D69430 /* Edit Profile 4.swift in Sources */,
				8DFB66F22DAE2D2B00FE7302 /* FluidViewModal.swift in Sources */,
				8D2AEEC12DB3AAF300FFCB62 /* SharedAccountView.swift in Sources */,
				8D3247482E4720E2003DC81B /* Toggle.swift in Sources */,
				8D966B5F2D9CF71D00B37927 /* otp.swift in Sources */,
				8DDF8EDA2DBCE1A500F8B47D /* AllergiesView.swift in Sources */,
				8DEE64452DBA0F8300C5B5E4 /* UploadReportViewModel.swift in Sources */,
				8DDDD4522E44841A001AE3B4 /* sleep.swift in Sources */,
				8D966B5E2D9CF71900B37927 /* login.swift in Sources */,
				8D3247442E47165D003DC81B /* NewChallengeView.swift in Sources */,
				8D3247462E471F79003DC81B /* JoinChallengeView.swift in Sources */,
				8D2F1CC42DDD916F0058E939 /* signupdatamodel.swift in Sources */,
				8D0582A62DAA257F0043330A /* Intake.swift in Sources */,
				8D2E8FCC2DDAF4CC0008EB66 /* SignUpViewModel.swift in Sources */,
				8DF9F8A22DAF865F002BBEBB /* fluiddatamodal.swift in Sources */,
				8D966B5D2D9CF71600B37927 /* FAQ.swift in Sources */,
				8D3247402E4712CF003DC81B /* NewChallengeDataModel.swift in Sources */,
				8D966B5C2D9CF71300B37927 /* Confermation.swift in Sources */,
				8D3247422E471431003DC81B /* DashboardChallenge.swift in Sources */,
				8DFB66F42DAE3A4500FE7302 /* addwater.swift in Sources */,
				8D966B5B2D9CF70F00B37927 /* SymptomsView.swift in Sources */,
				8D0582AE2DAA7C350043330A /* outputHistory.swift in Sources */,
				8D32474A2E472826003DC81B /* FullchallengeDescription.swift in Sources */,
				8D966B5A2D9CF70C00B37927 /* Feedback.swift in Sources */,
				8DF862712DD472B2002ADFE5 /* ShowImage.swift in Sources */,
				8D0582AC2DAA6C4B0043330A /* intakehistory.swift in Sources */,
				8D966B592D9CF70900B37927 /* routing.swift in Sources */,
				8D966B582D9CF70500B37927 /* LocalData.swift in Sources */,
				8DF6EFE32DB770EE00E2C69A /* SymptomstrackerView.swift in Sources */,
				8D966B572D9CF70200B37927 /* color.swift in Sources */,
				8D966B562D9CF6FE00B37927 /* Text.swift in Sources */,
				8D966B552D9CF6FB00B37927 /* APIClass.swift in Sources */,
				8D38163C2DC0D361008F2539 /* testAudio.swift in Sources */,
				8D966B542D9CF6F800B37927 /* alert.swift in Sources */,
				8D966B532D9CF6F400B37927 /* network.swift in Sources */,
				8D12F5EE2DC4A13400DE1A41 /* VoiceManager.swift in Sources */,
				8D829EFE2E3CD7E200FA4298 /* ChallengesViewModel.swift in Sources */,
				8DA8BD9E2E45E4EC00307949 /* JoinNowButton.swift in Sources */,
				8DEE644B2DBA50DB00C5B5E4 /* DynamicData.swift in Sources */,
				8D1544342DA907A9009E7433 /* Output.swift in Sources */,
				8DBD5F3A2DE9C13700B2367C /* Internet.swift in Sources */,
				8D966B512D9CF6EE00B37927 /* viewmodal.swift in Sources */,
				8D08F2252E49DA0E00FE1B04 /* forgetpassword.swift in Sources */,
				8D966B502D9CF6EA00B37927 /* DummyView.swift in Sources */,
				8DF6EFEA2DB799DB00E2C69A /* vitaldatamodal.swift in Sources */,
				8DBA7DD12E4B0A1F002F9B58 /* ResetPassword.swift in Sources */,
				8DF1938A2E409EC500995340 /* sleeptracker.swift in Sources */,
				8D9BCAAC2DA0FD6800405837 /* PillsViewModal.swift in Sources */,
				8D966B4F2D9CF6E700B37927 /* MyButton.swift in Sources */,
				8D4FC8F72DB8D75B00D51E08 /* dietDataModel.swift in Sources */,
				8D966B4E2D9CF6DF00B37927 /* url.swift in Sources */,
				8DF275A72DC9D70F00A39658 /* Symptoms history.swift in Sources */,
				8DDF8EE22DBCE1D800F8B47D /* CustomTextField 1.swift in Sources */,
				8DF253A12DD5CA7C00BECD6F /* ObserverDashboaard.swift in Sources */,
				8DF1938E2E40A69900995340 /* VitalsForDashboard.swift in Sources */,
				8D2C37892E41D002003170DD /* ForgotPassword.swift in Sources */,
				8DEE64492DBA3D9100C5B5E4 /* AddReport.swift in Sources */,
				8D829F022E3CD7FB00FA4298 /* leaderboard.swift in Sources */,
				8D966B4D2D9CF6DB00B37927 /* appbar.swift in Sources */,
				8DDF8EE32DBCE1D800F8B47D /* CustomeLoader.swift in Sources */,
				8DDDD4542E448569001AE3B4 /* sleepmodel.swift in Sources */,
				8D0582AA2DAA3BFC0043330A /* drag.swift in Sources */,
				8D829EFF2E3CD7E200FA4298 /* JoinedChallengeDataModel.swift in Sources */,
				8DCE2BCF2DA3DF44004EEED2 /* MedicineModal.swift in Sources */,
				8DF6EFED2DB799DB00E2C69A /* AddVitalsView.swift in Sources */,
				8DCE2BCD2DA39F9E004EEED2 /* fluid.swift in Sources */,
				8D1359CA2DA65F63004A8332 /* popup.swift in Sources */,
				8D31488F2D9FF8C7008DF7D7 /* DietView.swift in Sources */,
				8DBD5F382DE9862900B2367C /* globalerror.swift in Sources */,
			);
			runOnlyForDeploymentPostprocessing = 0;
		};
/* End PBXSourcesBuildPhase section */

/* Begin PBXVariantGroup section */
		8D029BA62DE82DF0000FE708 /* InfoPlist.strings */ = {
			isa = PBXVariantGroup;
			children = (
				8D029BA52DE82DF0000FE708 /* en */,
				8D029BA72DE82DF3000FE708 /* hi */,
			);
			name = InfoPlist.strings;
			sourceTree = "<group>";
		};
		8D0BBDC22DE6D7FD00ACFBBC /* Localizable.strings */ = {
			isa = PBXVariantGroup;
			children = (
				8D0BBDC12DE6D7FD00ACFBBC /* en */,
				8D0BBDC32DE6D7FF00ACFBBC /* hi */,
			);
			name = Localizable.strings;
			sourceTree = "<group>";
		};
/* End PBXVariantGroup section */

/* Begin XCBuildConfiguration section */
		8DD5F84A2D8A88B900FBDF87 /* Debug */ = {
			isa = XCBuildConfiguration;
			buildSettings = {
				ALWAYS_SEARCH_USER_PATHS = NO;
				ASSETCATALOG_COMPILER_GENERATE_SWIFT_ASSET_SYMBOL_EXTENSIONS = YES;
				CLANG_ANALYZER_NONNULL = YES;
				CLANG_ANALYZER_NUMBER_OBJECT_CONVERSION = YES_AGGRESSIVE;
				CLANG_CXX_LANGUAGE_STANDARD = "gnu++20";
				CLANG_ENABLE_MODULES = YES;
				CLANG_ENABLE_OBJC_ARC = YES;
				CLANG_ENABLE_OBJC_WEAK = YES;
				CLANG_WARN_BLOCK_CAPTURE_AUTORELEASING = YES;
				CLANG_WARN_BOOL_CONVERSION = YES;
				CLANG_WARN_COMMA = YES;
				CLANG_WARN_CONSTANT_CONVERSION = YES;
				CLANG_WARN_DEPRECATED_OBJC_IMPLEMENTATIONS = YES;
				CLANG_WARN_DIRECT_OBJC_ISA_USAGE = YES_ERROR;
				CLANG_WARN_DOCUMENTATION_COMMENTS = YES;
				CLANG_WARN_EMPTY_BODY = YES;
				CLANG_WARN_ENUM_CONVERSION = YES;
				CLANG_WARN_INFINITE_RECURSION = YES;
				CLANG_WARN_INT_CONVERSION = YES;
				CLANG_WARN_NON_LITERAL_NULL_CONVERSION = YES;
				CLANG_WARN_OBJC_IMPLICIT_RETAIN_SELF = YES;
				CLANG_WARN_OBJC_LITERAL_CONVERSION = YES;
				CLANG_WARN_OBJC_ROOT_CLASS = YES_ERROR;
				CLANG_WARN_QUOTED_INCLUDE_IN_FRAMEWORK_HEADER = YES;
				CLANG_WARN_RANGE_LOOP_ANALYSIS = YES;
				CLANG_WARN_STRICT_PROTOTYPES = YES;
				CLANG_WARN_SUSPICIOUS_MOVE = YES;
				CLANG_WARN_UNGUARDED_AVAILABILITY = YES_AGGRESSIVE;
				CLANG_WARN_UNREACHABLE_CODE = YES;
				CLANG_WARN__DUPLICATE_METHOD_MATCH = YES;
				COPY_PHASE_STRIP = NO;
				DEBUG_INFORMATION_FORMAT = dwarf;
				ENABLE_STRICT_OBJC_MSGSEND = YES;
				ENABLE_TESTABILITY = YES;
				ENABLE_USER_SCRIPT_SANDBOXING = YES;
				GCC_C_LANGUAGE_STANDARD = gnu17;
				GCC_DYNAMIC_NO_PIC = NO;
				GCC_NO_COMMON_BLOCKS = YES;
				GCC_OPTIMIZATION_LEVEL = 0;
				GCC_PREPROCESSOR_DEFINITIONS = (
					"DEBUG=1",
					"$(inherited)",
				);
				GCC_WARN_64_TO_32_BIT_CONVERSION = YES;
				GCC_WARN_ABOUT_RETURN_TYPE = YES_ERROR;
				GCC_WARN_UNDECLARED_SELECTOR = YES;
				GCC_WARN_UNINITIALIZED_AUTOS = YES_AGGRESSIVE;
				GCC_WARN_UNUSED_FUNCTION = YES;
				GCC_WARN_UNUSED_VARIABLE = YES;
				IPHONEOS_DEPLOYMENT_TARGET = 17.5;
				LOCALIZATION_PREFERS_STRING_CATALOGS = YES;
				MTL_ENABLE_DEBUG_INFO = INCLUDE_SOURCE;
				MTL_FAST_MATH = YES;
				ONLY_ACTIVE_ARCH = YES;
				SDKROOT = iphoneos;
				SWIFT_ACTIVE_COMPILATION_CONDITIONS = "DEBUG $(inherited)";
				SWIFT_OPTIMIZATION_LEVEL = "-Onone";
			};
			name = Debug;
		};
		8DD5F84B2D8A88B900FBDF87 /* Release */ = {
			isa = XCBuildConfiguration;
			buildSettings = {
				ALWAYS_SEARCH_USER_PATHS = NO;
				ASSETCATALOG_COMPILER_GENERATE_SWIFT_ASSET_SYMBOL_EXTENSIONS = YES;
				CLANG_ANALYZER_NONNULL = YES;
				CLANG_ANALYZER_NUMBER_OBJECT_CONVERSION = YES_AGGRESSIVE;
				CLANG_CXX_LANGUAGE_STANDARD = "gnu++20";
				CLANG_ENABLE_MODULES = YES;
				CLANG_ENABLE_OBJC_ARC = YES;
				CLANG_ENABLE_OBJC_WEAK = YES;
				CLANG_WARN_BLOCK_CAPTURE_AUTORELEASING = YES;
				CLANG_WARN_BOOL_CONVERSION = YES;
				CLANG_WARN_COMMA = YES;
				CLANG_WARN_CONSTANT_CONVERSION = YES;
				CLANG_WARN_DEPRECATED_OBJC_IMPLEMENTATIONS = YES;
				CLANG_WARN_DIRECT_OBJC_ISA_USAGE = YES_ERROR;
				CLANG_WARN_DOCUMENTATION_COMMENTS = YES;
				CLANG_WARN_EMPTY_BODY = YES;
				CLANG_WARN_ENUM_CONVERSION = YES;
				CLANG_WARN_INFINITE_RECURSION = YES;
				CLANG_WARN_INT_CONVERSION = YES;
				CLANG_WARN_NON_LITERAL_NULL_CONVERSION = YES;
				CLANG_WARN_OBJC_IMPLICIT_RETAIN_SELF = YES;
				CLANG_WARN_OBJC_LITERAL_CONVERSION = YES;
				CLANG_WARN_OBJC_ROOT_CLASS = YES_ERROR;
				CLANG_WARN_QUOTED_INCLUDE_IN_FRAMEWORK_HEADER = YES;
				CLANG_WARN_RANGE_LOOP_ANALYSIS = YES;
				CLANG_WARN_STRICT_PROTOTYPES = YES;
				CLANG_WARN_SUSPICIOUS_MOVE = YES;
				CLANG_WARN_UNGUARDED_AVAILABILITY = YES_AGGRESSIVE;
				CLANG_WARN_UNREACHABLE_CODE = YES;
				CLANG_WARN__DUPLICATE_METHOD_MATCH = YES;
				COPY_PHASE_STRIP = NO;
				DEBUG_INFORMATION_FORMAT = "dwarf-with-dsym";
				ENABLE_NS_ASSERTIONS = NO;
				ENABLE_STRICT_OBJC_MSGSEND = YES;
				ENABLE_USER_SCRIPT_SANDBOXING = YES;
				GCC_C_LANGUAGE_STANDARD = gnu17;
				GCC_NO_COMMON_BLOCKS = YES;
				GCC_WARN_64_TO_32_BIT_CONVERSION = YES;
				GCC_WARN_ABOUT_RETURN_TYPE = YES_ERROR;
				GCC_WARN_UNDECLARED_SELECTOR = YES;
				GCC_WARN_UNINITIALIZED_AUTOS = YES_AGGRESSIVE;
				GCC_WARN_UNUSED_FUNCTION = YES;
				GCC_WARN_UNUSED_VARIABLE = YES;
				IPHONEOS_DEPLOYMENT_TARGET = 17.5;
				LOCALIZATION_PREFERS_STRING_CATALOGS = YES;
				MTL_ENABLE_DEBUG_INFO = NO;
				MTL_FAST_MATH = YES;
				SDKROOT = iphoneos;
				SWIFT_COMPILATION_MODE = wholemodule;
				VALIDATE_PRODUCT = YES;
			};
			name = Release;
		};
		8DD5F84D2D8A88B900FBDF87 /* Debug */ = {
			isa = XCBuildConfiguration;
			buildSettings = {
				ASSETCATALOG_COMPILER_APPICON_NAME = AppIcon;
				ASSETCATALOG_COMPILER_GLOBAL_ACCENT_COLOR_NAME = AccentColor;
				CODE_SIGN_ENTITLEMENTS = vitalio_native/vitalio_native.entitlements;
				CODE_SIGN_STYLE = Automatic;
				CURRENT_PROJECT_VERSION = 1;
				DEVELOPMENT_ASSET_PATHS = "\"vitalio_native/Preview Content\"";
				DEVELOPMENT_TEAM = 7BCQCGA365;
				ENABLE_PREVIEWS = YES;
				GENERATE_INFOPLIST_FILE = YES;
				INFOPLIST_FILE = "vitalio-native-Info.plist";
				INFOPLIST_KEY_CFBundleDisplayName = Vitalio;
				INFOPLIST_KEY_NSCameraUsageDescription = "We need access to your camera to take profile pictures.";
				INFOPLIST_KEY_NSDocumentsFolderUsageDescription = "We need access the document so that it can be  shared.";
				INFOPLIST_KEY_NSMicrophoneUsageDescription = "I need permission to transcribe it to text";
				INFOPLIST_KEY_NSPhotoLibraryUsageDescription = "We need  to access the photo library so that lab report can be shared.";
				INFOPLIST_KEY_UIApplicationSceneManifest_Generation = YES;
				INFOPLIST_KEY_UIApplicationSupportsIndirectInputEvents = YES;
				INFOPLIST_KEY_UILaunchScreen_Generation = YES;
				INFOPLIST_KEY_UISupportedInterfaceOrientations_iPad = "UIInterfaceOrientationPortrait UIInterfaceOrientationPortraitUpsideDown UIInterfaceOrientationLandscapeLeft UIInterfaceOrientationLandscapeRight";
				INFOPLIST_KEY_UISupportedInterfaceOrientations_iPhone = "UIInterfaceOrientationPortrait UIInterfaceOrientationLandscapeLeft UIInterfaceOrientationLandscapeRight";
				IPHONEOS_DEPLOYMENT_TARGET = 17.0;
				LD_RUNPATH_SEARCH_PATHS = (
					"$(inherited)",
					"@executable_path/Frameworks",
				);
				MARKETING_VERSION = 1.0;
				PRODUCT_BUNDLE_IDENTIFIER = com.criteriontech.vitalio;
				PRODUCT_NAME = Vitalio;
				SWIFT_EMIT_LOC_STRINGS = YES;
				SWIFT_VERSION = 5.0;
				TARGETED_DEVICE_FAMILY = "1,2";
			};
			name = Debug;
		};
		8DD5F84E2D8A88B900FBDF87 /* Release */ = {
			isa = XCBuildConfiguration;
			buildSettings = {
				ASSETCATALOG_COMPILER_APPICON_NAME = AppIcon;
				ASSETCATALOG_COMPILER_GLOBAL_ACCENT_COLOR_NAME = AccentColor;
				CODE_SIGN_ENTITLEMENTS = vitalio_native/vitalio_native.entitlements;
				CODE_SIGN_STYLE = Automatic;
				CURRENT_PROJECT_VERSION = 1;
				DEVELOPMENT_ASSET_PATHS = "\"vitalio_native/Preview Content\"";
				DEVELOPMENT_TEAM = 7BCQCGA365;
				ENABLE_PREVIEWS = YES;
				GENERATE_INFOPLIST_FILE = YES;
				INFOPLIST_FILE = "vitalio-native-Info.plist";
				INFOPLIST_KEY_CFBundleDisplayName = Vitalio;
				INFOPLIST_KEY_NSCameraUsageDescription = "We need access to your camera to take profile pictures.";
				INFOPLIST_KEY_NSDocumentsFolderUsageDescription = "We need access the document so that it can be  shared.";
				INFOPLIST_KEY_NSMicrophoneUsageDescription = "I need permission to transcribe it to text";
				INFOPLIST_KEY_NSPhotoLibraryUsageDescription = "We need  to access the photo library so that lab report can be shared.";
				INFOPLIST_KEY_UIApplicationSceneManifest_Generation = YES;
				INFOPLIST_KEY_UIApplicationSupportsIndirectInputEvents = YES;
				INFOPLIST_KEY_UILaunchScreen_Generation = YES;
				INFOPLIST_KEY_UISupportedInterfaceOrientations_iPad = "UIInterfaceOrientationPortrait UIInterfaceOrientationPortraitUpsideDown UIInterfaceOrientationLandscapeLeft UIInterfaceOrientationLandscapeRight";
				INFOPLIST_KEY_UISupportedInterfaceOrientations_iPhone = "UIInterfaceOrientationPortrait UIInterfaceOrientationLandscapeLeft UIInterfaceOrientationLandscapeRight";
				IPHONEOS_DEPLOYMENT_TARGET = 17.0;
				LD_RUNPATH_SEARCH_PATHS = (
					"$(inherited)",
					"@executable_path/Frameworks",
				);
				MARKETING_VERSION = 1.0;
				PRODUCT_BUNDLE_IDENTIFIER = com.criteriontech.vitalio;
				PRODUCT_NAME = Vitalio;
				SWIFT_EMIT_LOC_STRINGS = YES;
				SWIFT_VERSION = 5.0;
				TARGETED_DEVICE_FAMILY = "1,2";
			};
			name = Release;
		};
/* End XCBuildConfiguration section */

/* Begin XCConfigurationList section */
		8DD5F8392D8A88B600FBDF87 /* Build configuration list for PBXProject "vitalio_native" */ = {
			isa = XCConfigurationList;
			buildConfigurations = (
				8DD5F84A2D8A88B900FBDF87 /* Debug */,
				8DD5F84B2D8A88B900FBDF87 /* Release */,
			);
			defaultConfigurationIsVisible = 0;
			defaultConfigurationName = Release;
		};
		8DD5F84C2D8A88B900FBDF87 /* Build configuration list for PBXNativeTarget "vitalio_native" */ = {
			isa = XCConfigurationList;
			buildConfigurations = (
				8DD5F84D2D8A88B900FBDF87 /* Debug */,
				8DD5F84E2D8A88B900FBDF87 /* Release */,
			);
			defaultConfigurationIsVisible = 0;
			defaultConfigurationName = Release;
		};
/* End XCConfigurationList section */

/* Begin XCRemoteSwiftPackageReference section */
		8D188B6A2DF93D2A007267B9 /* XCRemoteSwiftPackageReference "SDWebImageSwiftUI" */ = {
			isa = XCRemoteSwiftPackageReference;
			repositoryURL = "https://github.com/SDWebImage/SDWebImageSwiftUI";
			requirement = {
				kind = upToNextMajorVersion;
				minimumVersion = 3.1.3;
			};
		};
		8D3816192DC0A56A008F2539 /* XCRemoteSwiftPackageReference "swift-nio" */ = {
			isa = XCRemoteSwiftPackageReference;
			repositoryURL = "https://github.com/apple/swift-nio.git";
			requirement = {
				kind = upToNextMajorVersion;
				minimumVersion = 2.82.0;
			};
		};
		8D3816342DC0A666008F2539 /* XCRemoteSwiftPackageReference "Starscream" */ = {
			isa = XCRemoteSwiftPackageReference;
			repositoryURL = "https://github.com/daltoniam/Starscream";
			requirement = {
				kind = upToNextMajorVersion;
				minimumVersion = 4.0.8;
			};
		};
		8D966B6D2D9D418900B37927 /* XCRemoteSwiftPackageReference "firebase-ios-sdk" */ = {
			isa = XCRemoteSwiftPackageReference;
			repositoryURL = "https://github.com/firebase/firebase-ios-sdk.git";
			requirement = {
				kind = upToNextMajorVersion;
				minimumVersion = 11.11.0;
			};
		};
/* End XCRemoteSwiftPackageReference section */

/* Begin XCSwiftPackageProductDependency section */
		8D188B6B2DF93D2B007267B9 /* SDWebImageSwiftUI */ = {
			isa = XCSwiftPackageProductDependency;
			package = 8D188B6A2DF93D2A007267B9 /* XCRemoteSwiftPackageReference "SDWebImageSwiftUI" */;
			productName = SDWebImageSwiftUI;
		};
		8D38161A2DC0A56B008F2539 /* NIO */ = {
			isa = XCSwiftPackageProductDependency;
			package = 8D3816192DC0A56A008F2539 /* XCRemoteSwiftPackageReference "swift-nio" */;
			productName = NIO;
		};
		8D38161C2DC0A56B008F2539 /* NIOConcurrencyHelpers */ = {
			isa = XCSwiftPackageProductDependency;
			package = 8D3816192DC0A56A008F2539 /* XCRemoteSwiftPackageReference "swift-nio" */;
			productName = NIOConcurrencyHelpers;
		};
		8D38161E2DC0A56B008F2539 /* NIOCore */ = {
			isa = XCSwiftPackageProductDependency;
			package = 8D3816192DC0A56A008F2539 /* XCRemoteSwiftPackageReference "swift-nio" */;
			productName = NIOCore;
		};
		8D3816202DC0A56B008F2539 /* NIOEmbedded */ = {
			isa = XCSwiftPackageProductDependency;
			package = 8D3816192DC0A56A008F2539 /* XCRemoteSwiftPackageReference "swift-nio" */;
			productName = NIOEmbedded;
		};
		8D3816222DC0A56B008F2539 /* NIOFoundationCompat */ = {
			isa = XCSwiftPackageProductDependency;
			package = 8D3816192DC0A56A008F2539 /* XCRemoteSwiftPackageReference "swift-nio" */;
			productName = NIOFoundationCompat;
		};
		8D3816242DC0A56B008F2539 /* NIOHTTP1 */ = {
			isa = XCSwiftPackageProductDependency;
			package = 8D3816192DC0A56A008F2539 /* XCRemoteSwiftPackageReference "swift-nio" */;
			productName = NIOHTTP1;
		};
		8D3816262DC0A56B008F2539 /* NIOPosix */ = {
			isa = XCSwiftPackageProductDependency;
			package = 8D3816192DC0A56A008F2539 /* XCRemoteSwiftPackageReference "swift-nio" */;
			productName = NIOPosix;
		};
		8D3816282DC0A56B008F2539 /* NIOTLS */ = {
			isa = XCSwiftPackageProductDependency;
			package = 8D3816192DC0A56A008F2539 /* XCRemoteSwiftPackageReference "swift-nio" */;
			productName = NIOTLS;
		};
		8D38162A2DC0A56B008F2539 /* NIOTestUtils */ = {
			isa = XCSwiftPackageProductDependency;
			package = 8D3816192DC0A56A008F2539 /* XCRemoteSwiftPackageReference "swift-nio" */;
			productName = NIOTestUtils;
		};
		8D38162C2DC0A56B008F2539 /* NIOWebSocket */ = {
			isa = XCSwiftPackageProductDependency;
			package = 8D3816192DC0A56A008F2539 /* XCRemoteSwiftPackageReference "swift-nio" */;
			productName = NIOWebSocket;
		};
		8D38162E2DC0A56B008F2539 /* _NIOConcurrency */ = {
			isa = XCSwiftPackageProductDependency;
			package = 8D3816192DC0A56A008F2539 /* XCRemoteSwiftPackageReference "swift-nio" */;
			productName = _NIOConcurrency;
		};
		8D3816302DC0A56B008F2539 /* _NIOFileSystem */ = {
			isa = XCSwiftPackageProductDependency;
			package = 8D3816192DC0A56A008F2539 /* XCRemoteSwiftPackageReference "swift-nio" */;
			productName = _NIOFileSystem;
		};
		8D3816322DC0A56B008F2539 /* _NIOFileSystemFoundationCompat */ = {
			isa = XCSwiftPackageProductDependency;
			package = 8D3816192DC0A56A008F2539 /* XCRemoteSwiftPackageReference "swift-nio" */;
			productName = _NIOFileSystemFoundationCompat;
		};
		8D3816352DC0A666008F2539 /* Starscream */ = {
			isa = XCSwiftPackageProductDependency;
			package = 8D3816342DC0A666008F2539 /* XCRemoteSwiftPackageReference "Starscream" */;
			productName = Starscream;
		};
		8D966B6E2D9D418900B37927 /* FirebaseAuth */ = {
			isa = XCSwiftPackageProductDependency;
			package = 8D966B6D2D9D418900B37927 /* XCRemoteSwiftPackageReference "firebase-ios-sdk" */;
			productName = FirebaseAuth;
		};
		8D966B702D9D418900B37927 /* FirebaseCore */ = {
			isa = XCSwiftPackageProductDependency;
			package = 8D966B6D2D9D418900B37927 /* XCRemoteSwiftPackageReference "firebase-ios-sdk" */;
			productName = FirebaseCore;
		};
		8D966B722D9D418900B37927 /* FirebaseMessaging */ = {
			isa = XCSwiftPackageProductDependency;
			package = 8D966B6D2D9D418900B37927 /* XCRemoteSwiftPackageReference "firebase-ios-sdk" */;
			productName = FirebaseMessaging;
		};
		8D966B772D9D442D00B37927 /* FirebaseAnalytics */ = {
			isa = XCSwiftPackageProductDependency;
			package = 8D966B6D2D9D418900B37927 /* XCRemoteSwiftPackageReference "firebase-ios-sdk" */;
			productName = FirebaseAnalytics;
		};
/* End XCSwiftPackageProductDependency section */
	};
	rootObject = 8DD5F8362D8A88B600FBDF87 /* Project object */;
}
